// !$*UTF8*$!
{
	archiveVersion = 1;
	classes = {
	};
	objectVersion = 55;
	objects = {

/* Begin PBXBuildFile section */
		222411E327B2129100C5E416 /* GithubConstants.swift in Sources */ = {isa = PBXBuildFile; fileRef = 222411E227B2129100C5E416 /* GithubConstants.swift */; };
		222411E727B7AB6900C5E416 /* ExternalFunctions.swift in Sources */ = {isa = PBXBuildFile; fileRef = 222411E627B7AB6900C5E416 /* ExternalFunctions.swift */; };
		222411E927BF991400C5E416 /* Appearance.swift in Sources */ = {isa = PBXBuildFile; fileRef = 222411E827BF991400C5E416 /* Appearance.swift */; };
		222411EC27C1EA8900C5E416 /* PersonalInformationViewController.swift in Sources */ = {isa = PBXBuildFile; fileRef = 222411EB27C1EA8900C5E416 /* PersonalInformationViewController.swift */; };
		222411F027C1EAA500C5E416 /* DarkModeViewController.swift in Sources */ = {isa = PBXBuildFile; fileRef = 222411EF27C1EAA500C5E416 /* DarkModeViewController.swift */; };
		222411F327C3359500C5E416 /* ChangePasswordViewController.swift in Sources */ = {isa = PBXBuildFile; fileRef = 222411F227C3359500C5E416 /* ChangePasswordViewController.swift */; };
		222411F827C7345E00C5E416 /* ForgotPasswordViewController.swift in Sources */ = {isa = PBXBuildFile; fileRef = 222411F727C7345D00C5E416 /* ForgotPasswordViewController.swift */; };
		22256D4E281904F900F2F001 /* ChannelToken.swift in Sources */ = {isa = PBXBuildFile; fileRef = 22256D4D281904F900F2F001 /* ChannelToken.swift */; };
		22353CF328119CF2002CC6FC /* GroupDBManager.swift in Sources */ = {isa = PBXBuildFile; fileRef = 22353CF228119CF2002CC6FC /* GroupDBManager.swift */; };
		22434823282AA2D50027DE7A /* SelectCallViewController.swift in Sources */ = {isa = PBXBuildFile; fileRef = 22434822282AA2D50027DE7A /* SelectCallViewController.swift */; };
		22434825282B50A50027DE7A /* AgoraService.swift in Sources */ = {isa = PBXBuildFile; fileRef = 22434824282B50A50027DE7A /* AgoraService.swift */; };
		22434828282D50F80027DE7A /* CallNotificationCenter.swift in Sources */ = {isa = PBXBuildFile; fileRef = 22434827282D50F80027DE7A /* CallNotificationCenter.swift */; };
		225E476127D9E1B000F71938 /* OtherUserViewController.swift in Sources */ = {isa = PBXBuildFile; fileRef = 225E476027D9E1B000F71938 /* OtherUserViewController.swift */; };
		22639882282EBB890052B354 /* IncomingCall.storyboard in Resources */ = {isa = PBXBuildFile; fileRef = 22639881282EBB890052B354 /* IncomingCall.storyboard */; };
		22639884282F874E0052B354 /* IncomingCallViewController.swift in Sources */ = {isa = PBXBuildFile; fileRef = 22639883282F874E0052B354 /* IncomingCallViewController.swift */; };
		22714E65277D5D4F0004F942 /* AppDelegate.swift in Sources */ = {isa = PBXBuildFile; fileRef = 22714E64277D5D4F0004F942 /* AppDelegate.swift */; };
		22714E67277D5D4F0004F942 /* SceneDelegate.swift in Sources */ = {isa = PBXBuildFile; fileRef = 22714E66277D5D4F0004F942 /* SceneDelegate.swift */; };
		22714E69277D5D4F0004F942 /* ChatViewController.swift in Sources */ = {isa = PBXBuildFile; fileRef = 22714E68277D5D4F0004F942 /* ChatViewController.swift */; };
		22714E6C277D5D4F0004F942 /* Main.storyboard in Resources */ = {isa = PBXBuildFile; fileRef = 22714E6A277D5D4F0004F942 /* Main.storyboard */; };
		22714E6F277D5D4F0004F942 /* Chit_Chat.xcdatamodeld in Sources */ = {isa = PBXBuildFile; fileRef = 22714E6D277D5D4F0004F942 /* Chit_Chat.xcdatamodeld */; };
		22714E71277D5D510004F942 /* Assets.xcassets in Resources */ = {isa = PBXBuildFile; fileRef = 22714E70277D5D510004F942 /* Assets.xcassets */; };
		22714E74277D5D510004F942 /* LaunchScreen.storyboard in Resources */ = {isa = PBXBuildFile; fileRef = 22714E72277D5D510004F942 /* LaunchScreen.storyboard */; };
		22714E7F277D5D510004F942 /* Chit_ChatTests.swift in Sources */ = {isa = PBXBuildFile; fileRef = 22714E7E277D5D510004F942 /* Chit_ChatTests.swift */; };
		22714E89277D5D510004F942 /* Chit_ChatUITests.swift in Sources */ = {isa = PBXBuildFile; fileRef = 22714E88277D5D510004F942 /* Chit_ChatUITests.swift */; };
		22714E8B277D5D510004F942 /* Chit_ChatUITestsLaunchTests.swift in Sources */ = {isa = PBXBuildFile; fileRef = 22714E8A277D5D510004F942 /* Chit_ChatUITestsLaunchTests.swift */; };
		229D21D927EC1AA600537AD6 /* UserAdvancedManager.swift in Sources */ = {isa = PBXBuildFile; fileRef = 229D21D827EC1AA600537AD6 /* UserAdvancedManager.swift */; };
		22A456E32813FEED009CB4E6 /* extensionUIView.swift in Sources */ = {isa = PBXBuildFile; fileRef = 22A456E22813FEED009CB4E6 /* extensionUIView.swift */; };
		22A456E52813FEF4009CB4E6 /* extensionVideoChatViewController.swift in Sources */ = {isa = PBXBuildFile; fileRef = 22A456E42813FEF4009CB4E6 /* extensionVideoChatViewController.swift */; };
		22A456FC28140699009CB4E6 /* LocalVideoView.swift in Sources */ = {isa = PBXBuildFile; fileRef = 22A456FB28140699009CB4E6 /* LocalVideoView.swift */; };
		22A456FF2814069D009CB4E6 /* RemoteVideoView.swift in Sources */ = {isa = PBXBuildFile; fileRef = 22A456FE2814069D009CB4E6 /* RemoteVideoView.swift */; };
		22A45703281406A9009CB4E6 /* SetupVideo.swift in Sources */ = {isa = PBXBuildFile; fileRef = 22A45702281406A9009CB4E6 /* SetupVideo.swift */; };
		22A4570B281406D4009CB4E6 /* JoinChannel.swift in Sources */ = {isa = PBXBuildFile; fileRef = 22A45706281406D4009CB4E6 /* JoinChannel.swift */; };
		22A4570C281406D4009CB4E6 /* ProgressIndicator.swift in Sources */ = {isa = PBXBuildFile; fileRef = 22A45707281406D4009CB4E6 /* ProgressIndicator.swift */; };
		22A4570E281406D4009CB4E6 /* VideoCallViewController.swift in Sources */ = {isa = PBXBuildFile; fileRef = 22A45709281406D4009CB4E6 /* VideoCallViewController.swift */; };
		22A4570F281406D4009CB4E6 /* VoiceCallViewController.swift in Sources */ = {isa = PBXBuildFile; fileRef = 22A4570A281406D4009CB4E6 /* VoiceCallViewController.swift */; };
		22A4571A281408D0009CB4E6 /* VideoCall.storyboard in Resources */ = {isa = PBXBuildFile; fileRef = 22A45719281408D0009CB4E6 /* VideoCall.storyboard */; };
		22A4571C28143CD0009CB4E6 /* VoiceCall.storyboard in Resources */ = {isa = PBXBuildFile; fileRef = 22A4571B28143CD0009CB4E6 /* VoiceCall.storyboard */; };
		22A905BF282374C300E3DD19 /* AgoraRtm.swift in Sources */ = {isa = PBXBuildFile; fileRef = 22A905BE282374C300E3DD19 /* AgoraRtm.swift */; };
		22A905C2282374FD00E3DD19 /* AGEError.swift in Sources */ = {isa = PBXBuildFile; fileRef = 22A905C1282374FD00E3DD19 /* AGEError.swift */; };
		22A905C42823756200E3DD19 /* CallCenter.swift in Sources */ = {isa = PBXBuildFile; fileRef = 22A905C32823756200E3DD19 /* CallCenter.swift */; };
		22A905C82823828C00E3DD19 /* HungUpReason.swift in Sources */ = {isa = PBXBuildFile; fileRef = 22A905C72823828C00E3DD19 /* HungUpReason.swift */; };
		22ACD98527FEE102004DD7AC /* BlackListViewController.swift in Sources */ = {isa = PBXBuildFile; fileRef = 22ACD98427FEE102004DD7AC /* BlackListViewController.swift */; };
		22CCFE40279FF573009F7C8A /* Extensions.swift in Sources */ = {isa = PBXBuildFile; fileRef = 22CCFE3F279FF573009F7C8A /* Extensions.swift */; };
		22CCFE42279FF582009F7C8A /* StorageManager.swift in Sources */ = {isa = PBXBuildFile; fileRef = 22CCFE41279FF582009F7C8A /* StorageManager.swift */; };
		22CCFE44279FF58C009F7C8A /* DatabaseManager.swift in Sources */ = {isa = PBXBuildFile; fileRef = 22CCFE43279FF58C009F7C8A /* DatabaseManager.swift */; };
		22CCFE46279FF59C009F7C8A /* User.swift in Sources */ = {isa = PBXBuildFile; fileRef = 22CCFE45279FF59C009F7C8A /* User.swift */; };
		22CCFE48279FF5DB009F7C8A /* Chat.storyboard in Resources */ = {isa = PBXBuildFile; fileRef = 22CCFE47279FF5DB009F7C8A /* Chat.storyboard */; };
		22CCFE4A279FF5EE009F7C8A /* Friends.storyboard in Resources */ = {isa = PBXBuildFile; fileRef = 22CCFE49279FF5EE009F7C8A /* Friends.storyboard */; };
		22CCFE4C279FF5F5009F7C8A /* Me.storyboard in Resources */ = {isa = PBXBuildFile; fileRef = 22CCFE4B279FF5F5009F7C8A /* Me.storyboard */; };
		22DFEB4C27AC101100ABAD9E /* RegisterViewController.swift in Sources */ = {isa = PBXBuildFile; fileRef = 22DFEB4B27AC101100ABAD9E /* RegisterViewController.swift */; };
		22F1998F27A0E14100CAE0D5 /* GoogleService-Info.plist in Resources */ = {isa = PBXBuildFile; fileRef = 22F1998E27A0E14100CAE0D5 /* GoogleService-Info.plist */; };
		22F1999627A0E67A00CAE0D5 /* LoginViewController.swift in Sources */ = {isa = PBXBuildFile; fileRef = 22F1999527A0E67A00CAE0D5 /* LoginViewController.swift */; };
		4269E28FFD5D53D40020E18D /* Pods_Chit_ChatTests.framework in Frameworks */ = {isa = PBXBuildFile; fileRef = 5A425F73A41B35F53C7F971F /* Pods_Chit_ChatTests.framework */; };
		8D82C810661AD985A4461FB9 /* Pods_Chit_Chat.framework in Frameworks */ = {isa = PBXBuildFile; fileRef = FFA53E9545E7381D535EF4AF /* Pods_Chit_Chat.framework */; };
		B3449D7E0B600DA6EC715B77 /* Pods_Chit_Chat_Chit_ChatUITests.framework in Frameworks */ = {isa = PBXBuildFile; fileRef = BBC31E93979BE04766A3846F /* Pods_Chit_Chat_Chit_ChatUITests.framework */; };
		DA044E9E28057E0B00927062 /* ConversationService.swift in Sources */ = {isa = PBXBuildFile; fileRef = DA044E9D28057E0B00927062 /* ConversationService.swift */; };
		DA0D67B427C0C7C20016C4AC /* FriendRequestViewController.swift in Sources */ = {isa = PBXBuildFile; fileRef = DA0D67B327C0C7C20016C4AC /* FriendRequestViewController.swift */; };
		DA0D67B627C0C7DF0016C4AC /* FriendRequestViewCell.swift in Sources */ = {isa = PBXBuildFile; fileRef = DA0D67B527C0C7DF0016C4AC /* FriendRequestViewCell.swift */; };
		DA0FDCF92802D79900FAB798 /* ServicesManager.swift in Sources */ = {isa = PBXBuildFile; fileRef = DA0FDCF82802D79900FAB798 /* ServicesManager.swift */; };
		DA1EFD46280AA22600EB6BAD /* UtilitiesMessageChatViewModel.swift in Sources */ = {isa = PBXBuildFile; fileRef = DA1EFD45280AA22600EB6BAD /* UtilitiesMessageChatViewModel.swift */; };
		DA20B66B27E9D5CA00F869E6 /* UserDBManger.swift in Sources */ = {isa = PBXBuildFile; fileRef = DA20B66A27E9D5CA00F869E6 /* UserDBManger.swift */; };
		DA20B66D27E9D5EA00F869E6 /* ConversationsDBManager.swift in Sources */ = {isa = PBXBuildFile; fileRef = DA20B66C27E9D5EA00F869E6 /* ConversationsDBManager.swift */; };
		DA20B66F27E9D63E00F869E6 /* FriendsOfUserDBManager.swift in Sources */ = {isa = PBXBuildFile; fileRef = DA20B66E27E9D63E00F869E6 /* FriendsOfUserDBManager.swift */; };
		DA25C3C727B252190004FE2B /* FindNewFriendsViewController.swift in Sources */ = {isa = PBXBuildFile; fileRef = DA25C3C627B252190004FE2B /* FindNewFriendsViewController.swift */; };
		DA2861862820CFBD003A0FCA /* GeneralSettings.swift in Sources */ = {isa = PBXBuildFile; fileRef = DA2861852820CFBD003A0FCA /* GeneralSettings.swift */; };
		DA28940527C2734F00011900 /* ProvincesVN.swift in Sources */ = {isa = PBXBuildFile; fileRef = DA28940427C2734F00011900 /* ProvincesVN.swift */; };
		DA3056CD2805321E001E87DA /* ServicesModel.swift in Sources */ = {isa = PBXBuildFile; fileRef = DA3056CC2805321E001E87DA /* ServicesModel.swift */; };
		DA3056CF28053396001E87DA /* SwiftyJSON.swift in Sources */ = {isa = PBXBuildFile; fileRef = DA3056CE28053396001E87DA /* SwiftyJSON.swift */; };
		DA37722F280A9E59003E8B88 /* UtilitiesMessageChatViewCell.swift in Sources */ = {isa = PBXBuildFile; fileRef = DA37722E280A9E59003E8B88 /* UtilitiesMessageChatViewCell.swift */; };
		DA3B4AD627B3B25C0093E2B3 /* Friends_Test.swift in Sources */ = {isa = PBXBuildFile; fileRef = DA3B4AD527B3B25C0093E2B3 /* Friends_Test.swift */; };
		DA6238AC281296CA00006F7D /* PresentTransition.swift in Sources */ = {isa = PBXBuildFile; fileRef = DA6238AB281296CA00006F7D /* PresentTransition.swift */; };
		DA6238AE281296DC00006F7D /* DismissTransition.swift in Sources */ = {isa = PBXBuildFile; fileRef = DA6238AD281296DC00006F7D /* DismissTransition.swift */; };
		DA718D4D27A0F6CA0020B0C9 /* Conversation.swift in Sources */ = {isa = PBXBuildFile; fileRef = DA718D4C27A0F6CA0020B0C9 /* Conversation.swift */; };
		DA718D4F27A0F6E70020B0C9 /* UserNetwork.swift in Sources */ = {isa = PBXBuildFile; fileRef = DA718D4E27A0F6E70020B0C9 /* UserNetwork.swift */; };
		DA718D5127A0F6F20020B0C9 /* Messages.swift in Sources */ = {isa = PBXBuildFile; fileRef = DA718D5027A0F6F20020B0C9 /* Messages.swift */; };
		DA718D5327A127670020B0C9 /* Model_Test.swift in Sources */ = {isa = PBXBuildFile; fileRef = DA718D5227A127670020B0C9 /* Model_Test.swift */; };
		DA74E6692817A7CB00D4AA30 /* SearchMessageInConversationViewController.swift in Sources */ = {isa = PBXBuildFile; fileRef = DA74E6682817A7CB00D4AA30 /* SearchMessageInConversationViewController.swift */; };
		DA80D789282EC69900D7B99B /* GroupConversationDBManager.swift in Sources */ = {isa = PBXBuildFile; fileRef = DA80D788282EC69900D7B99B /* GroupConversationDBManager.swift */; };
		DA85AF6D27BA585D0005215B /* MessageChatViewController.swift in Sources */ = {isa = PBXBuildFile; fileRef = DA85AF6C27BA585D0005215B /* MessageChatViewController.swift */; };
		DA85AF6F27BA5B430005215B /* MeViewController.swift in Sources */ = {isa = PBXBuildFile; fileRef = DA85AF6E27BA5B430005215B /* MeViewController.swift */; };
		DA8C20F627B258A400C1F35F /* FriendsModel.swift in Sources */ = {isa = PBXBuildFile; fileRef = DA9AD85A27AC187200221E16 /* FriendsModel.swift */; };
		DA8C20F827B258EE00C1F35F /* NewFriendsViewCell.swift in Sources */ = {isa = PBXBuildFile; fileRef = DA8C20F727B258EE00C1F35F /* NewFriendsViewCell.swift */; };
		DAD0BD7A280A7AA7003974BF /* UtilitiesMessageChatViewController.swift in Sources */ = {isa = PBXBuildFile; fileRef = DAD0BD79280A7AA6003974BF /* UtilitiesMessageChatViewController.swift */; };
		DAD25F0D281936970078021F /* TextInConversationViewCell.swift in Sources */ = {isa = PBXBuildFile; fileRef = DAD25F0C281936970078021F /* TextInConversationViewCell.swift */; };
		DAE31CF027B227980035E65B /* FriendsViewController.swift in Sources */ = {isa = PBXBuildFile; fileRef = DAE31CEF27B227980035E65B /* FriendsViewController.swift */; };
		DAE31CF127B22AD40035E65B /* FriendsCell.swift in Sources */ = {isa = PBXBuildFile; fileRef = DA9AD85D27ACD96F00221E16 /* FriendsCell.swift */; };
		DAE95C5127B6493700B19445 /* ChatsViewCell.swift in Sources */ = {isa = PBXBuildFile; fileRef = DAE95C5027B6493700B19445 /* ChatsViewCell.swift */; };
		DAEE3D5D27BC0A6F00334E06 /* LocationPickerViewController.swift in Sources */ = {isa = PBXBuildFile; fileRef = DAEE3D5C27BC0A6F00334E06 /* LocationPickerViewController.swift */; };
		DAEE3D5F27BC0AC900334E06 /* PhotoViewerViewController.swift in Sources */ = {isa = PBXBuildFile; fileRef = DAEE3D5E27BC0AC900334E06 /* PhotoViewerViewController.swift */; };
		DAFFEC70282B532900A99629 /* ViewAnimationExtension.swift in Sources */ = {isa = PBXBuildFile; fileRef = DAFFEC6F282B532900A99629 /* ViewAnimationExtension.swift */; };
		DAFFEC73282B5C9B00A99629 /* GroupConversationViewController.swift in Sources */ = {isa = PBXBuildFile; fileRef = DAFFEC72282B5C9B00A99629 /* GroupConversationViewController.swift */; };
		DAFFEC75282B5CBE00A99629 /* GroupChatViewController.swift in Sources */ = {isa = PBXBuildFile; fileRef = DAFFEC74282B5CBE00A99629 /* GroupChatViewController.swift */; };
		DAFFEC77282B5CE500A99629 /* GroupUtilitiesChatViewController.swift in Sources */ = {isa = PBXBuildFile; fileRef = DAFFEC76282B5CE500A99629 /* GroupUtilitiesChatViewController.swift */; };
		DAFFEC79282B766600A99629 /* GroupChatsViewCell.swift in Sources */ = {isa = PBXBuildFile; fileRef = DAFFEC78282B766600A99629 /* GroupChatsViewCell.swift */; };
		DAFFEC7B282B78A200A99629 /* GroupModel.swift in Sources */ = {isa = PBXBuildFile; fileRef = DAFFEC7A282B78A200A99629 /* GroupModel.swift */; };
/* End PBXBuildFile section */

/* Begin PBXContainerItemProxy section */
		22714E7B277D5D510004F942 /* PBXContainerItemProxy */ = {
			isa = PBXContainerItemProxy;
			containerPortal = 22714E59277D5D4F0004F942 /* Project object */;
			proxyType = 1;
			remoteGlobalIDString = 22714E60277D5D4F0004F942;
			remoteInfo = "Chit-Chat";
		};
		22714E85277D5D510004F942 /* PBXContainerItemProxy */ = {
			isa = PBXContainerItemProxy;
			containerPortal = 22714E59277D5D4F0004F942 /* Project object */;
			proxyType = 1;
			remoteGlobalIDString = 22714E60277D5D4F0004F942;
			remoteInfo = "Chit-Chat";
		};
/* End PBXContainerItemProxy section */

/* Begin PBXFileReference section */
		222411E227B2129100C5E416 /* GithubConstants.swift */ = {isa = PBXFileReference; lastKnownFileType = sourcecode.swift; path = GithubConstants.swift; sourceTree = "<group>"; };
		222411E627B7AB6900C5E416 /* ExternalFunctions.swift */ = {isa = PBXFileReference; lastKnownFileType = sourcecode.swift; path = ExternalFunctions.swift; sourceTree = "<group>"; };
		222411E827BF991400C5E416 /* Appearance.swift */ = {isa = PBXFileReference; lastKnownFileType = sourcecode.swift; path = Appearance.swift; sourceTree = "<group>"; };
		222411EB27C1EA8900C5E416 /* PersonalInformationViewController.swift */ = {isa = PBXFileReference; lastKnownFileType = sourcecode.swift; path = PersonalInformationViewController.swift; sourceTree = "<group>"; };
		222411EF27C1EAA500C5E416 /* DarkModeViewController.swift */ = {isa = PBXFileReference; lastKnownFileType = sourcecode.swift; path = DarkModeViewController.swift; sourceTree = "<group>"; };
		222411F227C3359500C5E416 /* ChangePasswordViewController.swift */ = {isa = PBXFileReference; lastKnownFileType = sourcecode.swift; path = ChangePasswordViewController.swift; sourceTree = "<group>"; };
		222411F727C7345D00C5E416 /* ForgotPasswordViewController.swift */ = {isa = PBXFileReference; lastKnownFileType = sourcecode.swift; path = ForgotPasswordViewController.swift; sourceTree = "<group>"; };
		22256D4D281904F900F2F001 /* ChannelToken.swift */ = {isa = PBXFileReference; lastKnownFileType = sourcecode.swift; path = ChannelToken.swift; sourceTree = "<group>"; };
		22353CF228119CF2002CC6FC /* GroupDBManager.swift */ = {isa = PBXFileReference; lastKnownFileType = sourcecode.swift; path = GroupDBManager.swift; sourceTree = "<group>"; };
		22434822282AA2D50027DE7A /* SelectCallViewController.swift */ = {isa = PBXFileReference; lastKnownFileType = sourcecode.swift; path = SelectCallViewController.swift; sourceTree = "<group>"; };
		22434824282B50A50027DE7A /* AgoraService.swift */ = {isa = PBXFileReference; lastKnownFileType = sourcecode.swift; path = AgoraService.swift; sourceTree = "<group>"; };
		22434827282D50F80027DE7A /* CallNotificationCenter.swift */ = {isa = PBXFileReference; lastKnownFileType = sourcecode.swift; path = CallNotificationCenter.swift; sourceTree = "<group>"; };
		225E476027D9E1B000F71938 /* OtherUserViewController.swift */ = {isa = PBXFileReference; lastKnownFileType = sourcecode.swift; path = OtherUserViewController.swift; sourceTree = "<group>"; };
		22639881282EBB890052B354 /* IncomingCall.storyboard */ = {isa = PBXFileReference; lastKnownFileType = file.storyboard; path = IncomingCall.storyboard; sourceTree = "<group>"; };
		22639883282F874E0052B354 /* IncomingCallViewController.swift */ = {isa = PBXFileReference; lastKnownFileType = sourcecode.swift; path = IncomingCallViewController.swift; sourceTree = "<group>"; };
		22714E61277D5D4F0004F942 /* Chit-Chat.app */ = {isa = PBXFileReference; explicitFileType = wrapper.application; includeInIndex = 0; path = "Chit-Chat.app"; sourceTree = BUILT_PRODUCTS_DIR; };
		22714E64277D5D4F0004F942 /* AppDelegate.swift */ = {isa = PBXFileReference; lastKnownFileType = sourcecode.swift; path = AppDelegate.swift; sourceTree = "<group>"; };
		22714E66277D5D4F0004F942 /* SceneDelegate.swift */ = {isa = PBXFileReference; lastKnownFileType = sourcecode.swift; path = SceneDelegate.swift; sourceTree = "<group>"; };
		22714E68277D5D4F0004F942 /* ChatViewController.swift */ = {isa = PBXFileReference; lastKnownFileType = sourcecode.swift; path = ChatViewController.swift; sourceTree = "<group>"; };
		22714E6B277D5D4F0004F942 /* Base */ = {isa = PBXFileReference; lastKnownFileType = file.storyboard; name = Base; path = Base.lproj/Main.storyboard; sourceTree = "<group>"; };
		22714E6E277D5D4F0004F942 /* Chit_Chat.xcdatamodel */ = {isa = PBXFileReference; lastKnownFileType = wrapper.xcdatamodel; path = Chit_Chat.xcdatamodel; sourceTree = "<group>"; };
		22714E70277D5D510004F942 /* Assets.xcassets */ = {isa = PBXFileReference; lastKnownFileType = folder.assetcatalog; path = Assets.xcassets; sourceTree = "<group>"; };
		22714E73277D5D510004F942 /* Base */ = {isa = PBXFileReference; lastKnownFileType = file.storyboard; name = Base; path = Base.lproj/LaunchScreen.storyboard; sourceTree = "<group>"; };
		22714E75277D5D510004F942 /* Info.plist */ = {isa = PBXFileReference; lastKnownFileType = text.plist.xml; path = Info.plist; sourceTree = "<group>"; };
		22714E7A277D5D510004F942 /* Chit-ChatTests.xctest */ = {isa = PBXFileReference; explicitFileType = wrapper.cfbundle; includeInIndex = 0; path = "Chit-ChatTests.xctest"; sourceTree = BUILT_PRODUCTS_DIR; };
		22714E7E277D5D510004F942 /* Chit_ChatTests.swift */ = {isa = PBXFileReference; lastKnownFileType = sourcecode.swift; path = Chit_ChatTests.swift; sourceTree = "<group>"; };
		22714E84277D5D510004F942 /* Chit-ChatUITests.xctest */ = {isa = PBXFileReference; explicitFileType = wrapper.cfbundle; includeInIndex = 0; path = "Chit-ChatUITests.xctest"; sourceTree = BUILT_PRODUCTS_DIR; };
		22714E88277D5D510004F942 /* Chit_ChatUITests.swift */ = {isa = PBXFileReference; lastKnownFileType = sourcecode.swift; path = Chit_ChatUITests.swift; sourceTree = "<group>"; };
		22714E8A277D5D510004F942 /* Chit_ChatUITestsLaunchTests.swift */ = {isa = PBXFileReference; lastKnownFileType = sourcecode.swift; path = Chit_ChatUITestsLaunchTests.swift; sourceTree = "<group>"; };
		229D21D827EC1AA600537AD6 /* UserAdvancedManager.swift */ = {isa = PBXFileReference; lastKnownFileType = sourcecode.swift; path = UserAdvancedManager.swift; sourceTree = "<group>"; };
		22A456E22813FEED009CB4E6 /* extensionUIView.swift */ = {isa = PBXFileReference; fileEncoding = 4; lastKnownFileType = sourcecode.swift; path = extensionUIView.swift; sourceTree = "<group>"; };
		22A456E42813FEF4009CB4E6 /* extensionVideoChatViewController.swift */ = {isa = PBXFileReference; fileEncoding = 4; lastKnownFileType = sourcecode.swift; path = extensionVideoChatViewController.swift; sourceTree = "<group>"; };
		22A456FB28140699009CB4E6 /* LocalVideoView.swift */ = {isa = PBXFileReference; fileEncoding = 4; lastKnownFileType = sourcecode.swift; path = LocalVideoView.swift; sourceTree = "<group>"; };
		22A456FE2814069D009CB4E6 /* RemoteVideoView.swift */ = {isa = PBXFileReference; lastKnownFileType = sourcecode.swift; path = RemoteVideoView.swift; sourceTree = "<group>"; };
		22A45702281406A9009CB4E6 /* SetupVideo.swift */ = {isa = PBXFileReference; lastKnownFileType = sourcecode.swift; path = SetupVideo.swift; sourceTree = "<group>"; };
		22A45706281406D4009CB4E6 /* JoinChannel.swift */ = {isa = PBXFileReference; fileEncoding = 4; lastKnownFileType = sourcecode.swift; path = JoinChannel.swift; sourceTree = "<group>"; };
		22A45707281406D4009CB4E6 /* ProgressIndicator.swift */ = {isa = PBXFileReference; fileEncoding = 4; lastKnownFileType = sourcecode.swift; path = ProgressIndicator.swift; sourceTree = "<group>"; };
		22A45709281406D4009CB4E6 /* VideoCallViewController.swift */ = {isa = PBXFileReference; fileEncoding = 4; lastKnownFileType = sourcecode.swift; path = VideoCallViewController.swift; sourceTree = "<group>"; };
		22A4570A281406D4009CB4E6 /* VoiceCallViewController.swift */ = {isa = PBXFileReference; fileEncoding = 4; lastKnownFileType = sourcecode.swift; path = VoiceCallViewController.swift; sourceTree = "<group>"; };
		22A45719281408D0009CB4E6 /* VideoCall.storyboard */ = {isa = PBXFileReference; fileEncoding = 4; lastKnownFileType = file.storyboard; path = VideoCall.storyboard; sourceTree = "<group>"; };
		22A4571B28143CD0009CB4E6 /* VoiceCall.storyboard */ = {isa = PBXFileReference; lastKnownFileType = file.storyboard; path = VoiceCall.storyboard; sourceTree = "<group>"; };
		22A905BE282374C300E3DD19 /* AgoraRtm.swift */ = {isa = PBXFileReference; lastKnownFileType = sourcecode.swift; path = AgoraRtm.swift; sourceTree = "<group>"; };
		22A905C1282374FD00E3DD19 /* AGEError.swift */ = {isa = PBXFileReference; lastKnownFileType = sourcecode.swift; path = AGEError.swift; sourceTree = "<group>"; };
		22A905C32823756200E3DD19 /* CallCenter.swift */ = {isa = PBXFileReference; lastKnownFileType = sourcecode.swift; path = CallCenter.swift; sourceTree = "<group>"; };
		22A905C72823828C00E3DD19 /* HungUpReason.swift */ = {isa = PBXFileReference; lastKnownFileType = sourcecode.swift; path = HungUpReason.swift; sourceTree = "<group>"; };
		22ACD98427FEE102004DD7AC /* BlackListViewController.swift */ = {isa = PBXFileReference; lastKnownFileType = sourcecode.swift; path = BlackListViewController.swift; sourceTree = "<group>"; };
		22CCFE3F279FF573009F7C8A /* Extensions.swift */ = {isa = PBXFileReference; lastKnownFileType = sourcecode.swift; path = Extensions.swift; sourceTree = "<group>"; };
		22CCFE41279FF582009F7C8A /* StorageManager.swift */ = {isa = PBXFileReference; lastKnownFileType = sourcecode.swift; path = StorageManager.swift; sourceTree = "<group>"; };
		22CCFE43279FF58C009F7C8A /* DatabaseManager.swift */ = {isa = PBXFileReference; lastKnownFileType = sourcecode.swift; path = DatabaseManager.swift; sourceTree = "<group>"; };
		22CCFE45279FF59C009F7C8A /* User.swift */ = {isa = PBXFileReference; lastKnownFileType = sourcecode.swift; path = User.swift; sourceTree = "<group>"; };
		22CCFE47279FF5DB009F7C8A /* Chat.storyboard */ = {isa = PBXFileReference; lastKnownFileType = file.storyboard; path = Chat.storyboard; sourceTree = "<group>"; };
		22CCFE49279FF5EE009F7C8A /* Friends.storyboard */ = {isa = PBXFileReference; lastKnownFileType = file.storyboard; path = Friends.storyboard; sourceTree = "<group>"; };
		22CCFE4B279FF5F5009F7C8A /* Me.storyboard */ = {isa = PBXFileReference; lastKnownFileType = file.storyboard; path = Me.storyboard; sourceTree = "<group>"; };
		22DFEB4B27AC101100ABAD9E /* RegisterViewController.swift */ = {isa = PBXFileReference; lastKnownFileType = sourcecode.swift; path = RegisterViewController.swift; sourceTree = "<group>"; };
		22F1998E27A0E14100CAE0D5 /* GoogleService-Info.plist */ = {isa = PBXFileReference; fileEncoding = 4; lastKnownFileType = text.plist.xml; path = "GoogleService-Info.plist"; sourceTree = "<group>"; };
		22F1999527A0E67A00CAE0D5 /* LoginViewController.swift */ = {isa = PBXFileReference; lastKnownFileType = sourcecode.swift; path = LoginViewController.swift; sourceTree = "<group>"; };
		5A425F73A41B35F53C7F971F /* Pods_Chit_ChatTests.framework */ = {isa = PBXFileReference; explicitFileType = wrapper.framework; includeInIndex = 0; path = Pods_Chit_ChatTests.framework; sourceTree = BUILT_PRODUCTS_DIR; };
		672F63EEDEA4BBA8B5780181 /* Pods-Chit-Chat.release.xcconfig */ = {isa = PBXFileReference; includeInIndex = 1; lastKnownFileType = text.xcconfig; name = "Pods-Chit-Chat.release.xcconfig"; path = "Target Support Files/Pods-Chit-Chat/Pods-Chit-Chat.release.xcconfig"; sourceTree = "<group>"; };
		84C57476F663E5784ADA9610 /* Pods-Chit-Chat-Chit-ChatUITests.debug.xcconfig */ = {isa = PBXFileReference; includeInIndex = 1; lastKnownFileType = text.xcconfig; name = "Pods-Chit-Chat-Chit-ChatUITests.debug.xcconfig"; path = "Target Support Files/Pods-Chit-Chat-Chit-ChatUITests/Pods-Chit-Chat-Chit-ChatUITests.debug.xcconfig"; sourceTree = "<group>"; };
		88A344DA1AD0B33E7DA61BFB /* Pods-Chit-ChatTests.release.xcconfig */ = {isa = PBXFileReference; includeInIndex = 1; lastKnownFileType = text.xcconfig; name = "Pods-Chit-ChatTests.release.xcconfig"; path = "Target Support Files/Pods-Chit-ChatTests/Pods-Chit-ChatTests.release.xcconfig"; sourceTree = "<group>"; };
		9C351DD0CF1672257806DC41 /* Pods-Chit-ChatTests.debug.xcconfig */ = {isa = PBXFileReference; includeInIndex = 1; lastKnownFileType = text.xcconfig; name = "Pods-Chit-ChatTests.debug.xcconfig"; path = "Target Support Files/Pods-Chit-ChatTests/Pods-Chit-ChatTests.debug.xcconfig"; sourceTree = "<group>"; };
		9D949E2250857BF1D00464AA /* Pods-Chit-Chat-Chit-ChatUITests.release.xcconfig */ = {isa = PBXFileReference; includeInIndex = 1; lastKnownFileType = text.xcconfig; name = "Pods-Chit-Chat-Chit-ChatUITests.release.xcconfig"; path = "Target Support Files/Pods-Chit-Chat-Chit-ChatUITests/Pods-Chit-Chat-Chit-ChatUITests.release.xcconfig"; sourceTree = "<group>"; };
		BBC31E93979BE04766A3846F /* Pods_Chit_Chat_Chit_ChatUITests.framework */ = {isa = PBXFileReference; explicitFileType = wrapper.framework; includeInIndex = 0; path = Pods_Chit_Chat_Chit_ChatUITests.framework; sourceTree = BUILT_PRODUCTS_DIR; };
		C56AF88553BD6B57C26D5537 /* Pods-Chit-Chat.debug.xcconfig */ = {isa = PBXFileReference; includeInIndex = 1; lastKnownFileType = text.xcconfig; name = "Pods-Chit-Chat.debug.xcconfig"; path = "Target Support Files/Pods-Chit-Chat/Pods-Chit-Chat.debug.xcconfig"; sourceTree = "<group>"; };
		DA044E9D28057E0B00927062 /* ConversationService.swift */ = {isa = PBXFileReference; lastKnownFileType = sourcecode.swift; path = ConversationService.swift; sourceTree = "<group>"; };
		DA0D67B327C0C7C20016C4AC /* FriendRequestViewController.swift */ = {isa = PBXFileReference; lastKnownFileType = sourcecode.swift; path = FriendRequestViewController.swift; sourceTree = "<group>"; };
		DA0D67B527C0C7DF0016C4AC /* FriendRequestViewCell.swift */ = {isa = PBXFileReference; lastKnownFileType = sourcecode.swift; path = FriendRequestViewCell.swift; sourceTree = "<group>"; };
		DA0FDCF82802D79900FAB798 /* ServicesManager.swift */ = {isa = PBXFileReference; lastKnownFileType = sourcecode.swift; path = ServicesManager.swift; sourceTree = "<group>"; };
		DA1EFD45280AA22600EB6BAD /* UtilitiesMessageChatViewModel.swift */ = {isa = PBXFileReference; lastKnownFileType = sourcecode.swift; path = UtilitiesMessageChatViewModel.swift; sourceTree = "<group>"; };
		DA20B66A27E9D5CA00F869E6 /* UserDBManger.swift */ = {isa = PBXFileReference; lastKnownFileType = sourcecode.swift; path = UserDBManger.swift; sourceTree = "<group>"; };
		DA20B66C27E9D5EA00F869E6 /* ConversationsDBManager.swift */ = {isa = PBXFileReference; lastKnownFileType = sourcecode.swift; path = ConversationsDBManager.swift; sourceTree = "<group>"; };
		DA20B66E27E9D63E00F869E6 /* FriendsOfUserDBManager.swift */ = {isa = PBXFileReference; lastKnownFileType = sourcecode.swift; path = FriendsOfUserDBManager.swift; sourceTree = "<group>"; };
		DA25C3C627B252190004FE2B /* FindNewFriendsViewController.swift */ = {isa = PBXFileReference; lastKnownFileType = sourcecode.swift; path = FindNewFriendsViewController.swift; sourceTree = "<group>"; };
		DA2861852820CFBD003A0FCA /* GeneralSettings.swift */ = {isa = PBXFileReference; lastKnownFileType = sourcecode.swift; path = GeneralSettings.swift; sourceTree = "<group>"; };
		DA28940427C2734F00011900 /* ProvincesVN.swift */ = {isa = PBXFileReference; lastKnownFileType = sourcecode.swift; path = ProvincesVN.swift; sourceTree = "<group>"; };
		DA3056CC2805321E001E87DA /* ServicesModel.swift */ = {isa = PBXFileReference; lastKnownFileType = sourcecode.swift; path = ServicesModel.swift; sourceTree = "<group>"; };
		DA3056CE28053396001E87DA /* SwiftyJSON.swift */ = {isa = PBXFileReference; lastKnownFileType = sourcecode.swift; path = SwiftyJSON.swift; sourceTree = "<group>"; };
		DA37722E280A9E59003E8B88 /* UtilitiesMessageChatViewCell.swift */ = {isa = PBXFileReference; lastKnownFileType = sourcecode.swift; path = UtilitiesMessageChatViewCell.swift; sourceTree = "<group>"; };
		DA3B4AD527B3B25C0093E2B3 /* Friends_Test.swift */ = {isa = PBXFileReference; lastKnownFileType = sourcecode.swift; path = Friends_Test.swift; sourceTree = "<group>"; };
		DA6238AB281296CA00006F7D /* PresentTransition.swift */ = {isa = PBXFileReference; lastKnownFileType = sourcecode.swift; path = PresentTransition.swift; sourceTree = "<group>"; };
		DA6238AD281296DC00006F7D /* DismissTransition.swift */ = {isa = PBXFileReference; lastKnownFileType = sourcecode.swift; path = DismissTransition.swift; sourceTree = "<group>"; };
		DA718D4C27A0F6CA0020B0C9 /* Conversation.swift */ = {isa = PBXFileReference; lastKnownFileType = sourcecode.swift; path = Conversation.swift; sourceTree = "<group>"; };
		DA718D4E27A0F6E70020B0C9 /* UserNetwork.swift */ = {isa = PBXFileReference; lastKnownFileType = sourcecode.swift; path = UserNetwork.swift; sourceTree = "<group>"; };
		DA718D5027A0F6F20020B0C9 /* Messages.swift */ = {isa = PBXFileReference; lastKnownFileType = sourcecode.swift; path = Messages.swift; sourceTree = "<group>"; };
		DA718D5227A127670020B0C9 /* Model_Test.swift */ = {isa = PBXFileReference; lastKnownFileType = sourcecode.swift; path = Model_Test.swift; sourceTree = "<group>"; };
		DA74E6682817A7CB00D4AA30 /* SearchMessageInConversationViewController.swift */ = {isa = PBXFileReference; lastKnownFileType = sourcecode.swift; path = SearchMessageInConversationViewController.swift; sourceTree = "<group>"; };
		DA7C89CC2824D08A002CDF75 /* Chit-Chat.entitlements */ = {isa = PBXFileReference; lastKnownFileType = text.plist.entitlements; path = "Chit-Chat.entitlements"; sourceTree = "<group>"; };
		DA80D788282EC69900D7B99B /* GroupConversationDBManager.swift */ = {isa = PBXFileReference; lastKnownFileType = sourcecode.swift; path = GroupConversationDBManager.swift; sourceTree = "<group>"; };
		DA85AF6C27BA585D0005215B /* MessageChatViewController.swift */ = {isa = PBXFileReference; lastKnownFileType = sourcecode.swift; path = MessageChatViewController.swift; sourceTree = "<group>"; };
		DA85AF6E27BA5B430005215B /* MeViewController.swift */ = {isa = PBXFileReference; lastKnownFileType = sourcecode.swift; path = MeViewController.swift; sourceTree = "<group>"; };
		DA8C20F727B258EE00C1F35F /* NewFriendsViewCell.swift */ = {isa = PBXFileReference; lastKnownFileType = sourcecode.swift; path = NewFriendsViewCell.swift; sourceTree = "<group>"; };
		DA9AD85A27AC187200221E16 /* FriendsModel.swift */ = {isa = PBXFileReference; lastKnownFileType = sourcecode.swift; path = FriendsModel.swift; sourceTree = "<group>"; };
		DA9AD85D27ACD96F00221E16 /* FriendsCell.swift */ = {isa = PBXFileReference; lastKnownFileType = sourcecode.swift; path = FriendsCell.swift; sourceTree = "<group>"; };
		DAD0BD79280A7AA6003974BF /* UtilitiesMessageChatViewController.swift */ = {isa = PBXFileReference; lastKnownFileType = sourcecode.swift; path = UtilitiesMessageChatViewController.swift; sourceTree = "<group>"; };
		DAD25F0C281936970078021F /* TextInConversationViewCell.swift */ = {isa = PBXFileReference; lastKnownFileType = sourcecode.swift; path = TextInConversationViewCell.swift; sourceTree = "<group>"; };
		DAE31CEF27B227980035E65B /* FriendsViewController.swift */ = {isa = PBXFileReference; fileEncoding = 4; lastKnownFileType = sourcecode.swift; path = FriendsViewController.swift; sourceTree = "<group>"; };
		DAE95C5027B6493700B19445 /* ChatsViewCell.swift */ = {isa = PBXFileReference; lastKnownFileType = sourcecode.swift; path = ChatsViewCell.swift; sourceTree = "<group>"; };
		DAEE3D5C27BC0A6F00334E06 /* LocationPickerViewController.swift */ = {isa = PBXFileReference; lastKnownFileType = sourcecode.swift; path = LocationPickerViewController.swift; sourceTree = "<group>"; };
		DAEE3D5E27BC0AC900334E06 /* PhotoViewerViewController.swift */ = {isa = PBXFileReference; lastKnownFileType = sourcecode.swift; path = PhotoViewerViewController.swift; sourceTree = "<group>"; };
		DAFFEC6F282B532900A99629 /* ViewAnimationExtension.swift */ = {isa = PBXFileReference; lastKnownFileType = sourcecode.swift; path = ViewAnimationExtension.swift; sourceTree = "<group>"; };
		DAFFEC72282B5C9B00A99629 /* GroupConversationViewController.swift */ = {isa = PBXFileReference; lastKnownFileType = sourcecode.swift; path = GroupConversationViewController.swift; sourceTree = "<group>"; };
		DAFFEC74282B5CBE00A99629 /* GroupChatViewController.swift */ = {isa = PBXFileReference; lastKnownFileType = sourcecode.swift; path = GroupChatViewController.swift; sourceTree = "<group>"; };
		DAFFEC76282B5CE500A99629 /* GroupUtilitiesChatViewController.swift */ = {isa = PBXFileReference; lastKnownFileType = sourcecode.swift; path = GroupUtilitiesChatViewController.swift; sourceTree = "<group>"; };
		DAFFEC78282B766600A99629 /* GroupChatsViewCell.swift */ = {isa = PBXFileReference; lastKnownFileType = sourcecode.swift; path = GroupChatsViewCell.swift; sourceTree = "<group>"; };
		DAFFEC7A282B78A200A99629 /* GroupModel.swift */ = {isa = PBXFileReference; lastKnownFileType = sourcecode.swift; path = GroupModel.swift; sourceTree = "<group>"; };
		FFA53E9545E7381D535EF4AF /* Pods_Chit_Chat.framework */ = {isa = PBXFileReference; explicitFileType = wrapper.framework; includeInIndex = 0; path = Pods_Chit_Chat.framework; sourceTree = BUILT_PRODUCTS_DIR; };
/* End PBXFileReference section */

/* Begin PBXFrameworksBuildPhase section */
		22714E5E277D5D4F0004F942 /* Frameworks */ = {
			isa = PBXFrameworksBuildPhase;
			buildActionMask = 2147483647;
			files = (
				8D82C810661AD985A4461FB9 /* Pods_Chit_Chat.framework in Frameworks */,
			);
			runOnlyForDeploymentPostprocessing = 0;
		};
		22714E77277D5D510004F942 /* Frameworks */ = {
			isa = PBXFrameworksBuildPhase;
			buildActionMask = 2147483647;
			files = (
				4269E28FFD5D53D40020E18D /* Pods_Chit_ChatTests.framework in Frameworks */,
			);
			runOnlyForDeploymentPostprocessing = 0;
		};
		22714E81277D5D510004F942 /* Frameworks */ = {
			isa = PBXFrameworksBuildPhase;
			buildActionMask = 2147483647;
			files = (
				B3449D7E0B600DA6EC715B77 /* Pods_Chit_Chat_Chit_ChatUITests.framework in Frameworks */,
			);
			runOnlyForDeploymentPostprocessing = 0;
		};
/* End PBXFrameworksBuildPhase section */

/* Begin PBXGroup section */
		222411E127B2126700C5E416 /* Others */ = {
			isa = PBXGroup;
			children = (
				222411E227B2129100C5E416 /* GithubConstants.swift */,
			);
			path = Others;
			sourceTree = "<group>";
		};
		222411EA27C1EA7000C5E416 /* Personal */ = {
			isa = PBXGroup;
			children = (
				225E476027D9E1B000F71938 /* OtherUserViewController.swift */,
				222411EB27C1EA8900C5E416 /* PersonalInformationViewController.swift */,
				222411EF27C1EAA500C5E416 /* DarkModeViewController.swift */,
				222411F227C3359500C5E416 /* ChangePasswordViewController.swift */,
				22ACD98427FEE102004DD7AC /* BlackListViewController.swift */,
			);
			path = Personal;
			sourceTree = "<group>";
		};
		222411F127C21C6C00C5E416 /* Friend */ = {
			isa = PBXGroup;
			children = (
				DA25C3C627B252190004FE2B /* FindNewFriendsViewController.swift */,
				DA0D67B327C0C7C20016C4AC /* FriendRequestViewController.swift */,
			);
			path = Friend;
			sourceTree = "<group>";
		};
		22434826282D50E40027DE7A /* CallNotification */ = {
			isa = PBXGroup;
			children = (
				22434827282D50F80027DE7A /* CallNotificationCenter.swift */,
			);
			path = CallNotification;
			sourceTree = "<group>";
		};
		22714E58277D5D4F0004F942 = {
			isa = PBXGroup;
			children = (
				22714E63277D5D4F0004F942 /* Chit-Chat */,
				22714E7D277D5D510004F942 /* Chit-ChatTests */,
				22714E87277D5D510004F942 /* Chit-ChatUITests */,
				22714E62277D5D4F0004F942 /* Products */,
				A6FD8495AA9CBFE5BE3B02FD /* Pods */,
				CB19375F100305B8ABC80A34 /* Frameworks */,
			);
			sourceTree = "<group>";
		};
		22714E62277D5D4F0004F942 /* Products */ = {
			isa = PBXGroup;
			children = (
				22714E61277D5D4F0004F942 /* Chit-Chat.app */,
				22714E7A277D5D510004F942 /* Chit-ChatTests.xctest */,
				22714E84277D5D510004F942 /* Chit-ChatUITests.xctest */,
			);
			name = Products;
			sourceTree = "<group>";
		};
		22714E63277D5D4F0004F942 /* Chit-Chat */ = {
			isa = PBXGroup;
			children = (
				DA7C89CC2824D08A002CDF75 /* Chit-Chat.entitlements */,
				DA1EFD44280AA21000EB6BAD /* ViewModels */,
				22CCFE3C279FF50B009F7C8A /* Resources */,
				22CCFE3B279FF4FF009F7C8A /* Controllers */,
				22CCFE3A279FF4F7009F7C8A /* Views */,
				22CCFE38279FF4B3009F7C8A /* Models */,
				22714E75277D5D510004F942 /* Info.plist */,
				22F1998E27A0E14100CAE0D5 /* GoogleService-Info.plist */,
				22714E6D277D5D4F0004F942 /* Chit_Chat.xcdatamodeld */,
			);
			path = "Chit-Chat";
			sourceTree = "<group>";
		};
		22714E7D277D5D510004F942 /* Chit-ChatTests */ = {
			isa = PBXGroup;
			children = (
				22714E7E277D5D510004F942 /* Chit_ChatTests.swift */,
				DA718D5227A127670020B0C9 /* Model_Test.swift */,
				DA3B4AD527B3B25C0093E2B3 /* Friends_Test.swift */,
			);
			path = "Chit-ChatTests";
			sourceTree = "<group>";
		};
		22714E87277D5D510004F942 /* Chit-ChatUITests */ = {
			isa = PBXGroup;
			children = (
				22714E88277D5D510004F942 /* Chit_ChatUITests.swift */,
				22714E8A277D5D510004F942 /* Chit_ChatUITestsLaunchTests.swift */,
			);
			path = "Chit-ChatUITests";
			sourceTree = "<group>";
		};
		229D21DA27EC1AAB00537AD6 /* DatabaseManager */ = {
			isa = PBXGroup;
			children = (
				DA20B66E27E9D63E00F869E6 /* FriendsOfUserDBManager.swift */,
				DA20B66C27E9D5EA00F869E6 /* ConversationsDBManager.swift */,
				DA20B66A27E9D5CA00F869E6 /* UserDBManger.swift */,
				229D21D827EC1AA600537AD6 /* UserAdvancedManager.swift */,
				22353CF228119CF2002CC6FC /* GroupDBManager.swift */,
				DA80D788282EC69900D7B99B /* GroupConversationDBManager.swift */,
			);
			path = DatabaseManager;
			sourceTree = "<group>";
		};
		22A456E12813FEDE009CB4E6 /* Extensions */ = {
			isa = PBXGroup;
			children = (
				22A456E42813FEF4009CB4E6 /* extensionVideoChatViewController.swift */,
				22A456E22813FEED009CB4E6 /* extensionUIView.swift */,
				22CCFE3F279FF573009F7C8A /* Extensions.swift */,
			);
			path = Extensions;
			sourceTree = "<group>";
		};
		22A456EE2814003B009CB4E6 /* Call Screens */ = {
			isa = PBXGroup;
			children = (
				22A45719281408D0009CB4E6 /* VideoCall.storyboard */,
				22A4571B28143CD0009CB4E6 /* VoiceCall.storyboard */,
				22639881282EBB890052B354 /* IncomingCall.storyboard */,
			);
			path = "Call Screens";
			sourceTree = "<group>";
		};
		22A45704281406C4009CB4E6 /* Calls */ = {
			isa = PBXGroup;
			children = (
				22A45718281407F2009CB4E6 /* Videos */,
				22A45705281406D4009CB4E6 /* Helpers */,
				22A45709281406D4009CB4E6 /* VideoCallViewController.swift */,
				22A4570A281406D4009CB4E6 /* VoiceCallViewController.swift */,
				22434822282AA2D50027DE7A /* SelectCallViewController.swift */,
				22639883282F874E0052B354 /* IncomingCallViewController.swift */,
			);
			path = Calls;
			sourceTree = "<group>";
		};
		22A45705281406D4009CB4E6 /* Helpers */ = {
			isa = PBXGroup;
			children = (
				22A45706281406D4009CB4E6 /* JoinChannel.swift */,
				22A45707281406D4009CB4E6 /* ProgressIndicator.swift */,
				22A905BE282374C300E3DD19 /* AgoraRtm.swift */,
				22A905C32823756200E3DD19 /* CallCenter.swift */,
			);
			path = Helpers;
			sourceTree = "<group>";
		};
		22A45718281407F2009CB4E6 /* Videos */ = {
			isa = PBXGroup;
			children = (
				22A45702281406A9009CB4E6 /* SetupVideo.swift */,
				22A456FE2814069D009CB4E6 /* RemoteVideoView.swift */,
				22A456FB28140699009CB4E6 /* LocalVideoView.swift */,
			);
			path = Videos;
			sourceTree = "<group>";
		};
		22A905C0282374EF00E3DD19 /* CallModel */ = {
			isa = PBXGroup;
			children = (
				22A905C1282374FD00E3DD19 /* AGEError.swift */,
				22A905C72823828C00E3DD19 /* HungUpReason.swift */,
			);
			path = CallModel;
			sourceTree = "<group>";
		};
		22ACD98327FEDCFA004DD7AC /* Chats */ = {
			isa = PBXGroup;
			children = (
				DA74E6672817A78E00D4AA30 /* Helpers */,
				DA85AF6C27BA585D0005215B /* MessageChatViewController.swift */,
				DAD0BD79280A7AA6003974BF /* UtilitiesMessageChatViewController.swift */,
			);
			path = Chats;
			sourceTree = "<group>";
		};
		22CCFE38279FF4B3009F7C8A /* Models */ = {
			isa = PBXGroup;
			children = (
				DA3056CB280531F7001E87DA /* Services */,
				222411E127B2126700C5E416 /* Others */,
				22CCFE45279FF59C009F7C8A /* User.swift */,
				DA718D4C27A0F6CA0020B0C9 /* Conversation.swift */,
				DA718D4E27A0F6E70020B0C9 /* UserNetwork.swift */,
				DA718D5027A0F6F20020B0C9 /* Messages.swift */,
				DA9AD85A27AC187200221E16 /* FriendsModel.swift */,
				DAFFEC7A282B78A200A99629 /* GroupModel.swift */,
			);
			path = Models;
			sourceTree = "<group>";
		};
		22CCFE3A279FF4F7009F7C8A /* Views */ = {
			isa = PBXGroup;
			children = (
				DAE31CF227B22B2B0035E65B /* TableCell */,
				22714E70277D5D510004F942 /* Assets.xcassets */,
				22CCFE3D279FF51E009F7C8A /* Storyboards */,
			);
			path = Views;
			sourceTree = "<group>";
		};
		22CCFE3B279FF4FF009F7C8A /* Controllers */ = {
			isa = PBXGroup;
			children = (
				DAFFEC71282B5C5B00A99629 /* Groups */,
				22A45704281406C4009CB4E6 /* Calls */,
				22ACD98327FEDCFA004DD7AC /* Chats */,
				222411F127C21C6C00C5E416 /* Friend */,
				222411EA27C1EA7000C5E416 /* Personal */,
				DAEE3D5B27BC0A2D00334E06 /* Helpers */,
				22F1999027A0E5F000CAE0D5 /* Authentications */,
				22714E68277D5D4F0004F942 /* ChatViewController.swift */,
				DAE31CEF27B227980035E65B /* FriendsViewController.swift */,
				DA85AF6E27BA5B430005215B /* MeViewController.swift */,
			);
			path = Controllers;
			sourceTree = "<group>";
		};
		22CCFE3C279FF50B009F7C8A /* Resources */ = {
			isa = PBXGroup;
			children = (
				22434826282D50E40027DE7A /* CallNotification */,
				DA2861842820CF5C003A0FCA /* GeneralSettings */,
				22A456E12813FEDE009CB4E6 /* Extensions */,
				DA6238AA2812969E00006F7D /* ViewPresentTransition */,
				DA0FDCF72802D65000FAB798 /* Services */,
				229D21DA27EC1AAB00537AD6 /* DatabaseManager */,
				DA28940327C2728100011900 /* API */,
				22714E66277D5D4F0004F942 /* SceneDelegate.swift */,
				22714E64277D5D4F0004F942 /* AppDelegate.swift */,
				22CCFE41279FF582009F7C8A /* StorageManager.swift */,
				22CCFE43279FF58C009F7C8A /* DatabaseManager.swift */,
				222411E627B7AB6900C5E416 /* ExternalFunctions.swift */,
				222411E827BF991400C5E416 /* Appearance.swift */,
			);
			path = Resources;
			sourceTree = "<group>";
		};
		22CCFE3D279FF51E009F7C8A /* Storyboards */ = {
			isa = PBXGroup;
			children = (
				22A456EE2814003B009CB4E6 /* Call Screens */,
				22714E72277D5D510004F942 /* LaunchScreen.storyboard */,
				22714E6A277D5D4F0004F942 /* Main.storyboard */,
				22CCFE47279FF5DB009F7C8A /* Chat.storyboard */,
				22CCFE49279FF5EE009F7C8A /* Friends.storyboard */,
				22CCFE4B279FF5F5009F7C8A /* Me.storyboard */,
			);
			path = Storyboards;
			sourceTree = "<group>";
		};
		22F1999027A0E5F000CAE0D5 /* Authentications */ = {
			isa = PBXGroup;
			children = (
				22F1999527A0E67A00CAE0D5 /* LoginViewController.swift */,
				22DFEB4B27AC101100ABAD9E /* RegisterViewController.swift */,
				222411F727C7345D00C5E416 /* ForgotPasswordViewController.swift */,
			);
			path = Authentications;
			sourceTree = "<group>";
		};
		A6FD8495AA9CBFE5BE3B02FD /* Pods */ = {
			isa = PBXGroup;
			children = (
				C56AF88553BD6B57C26D5537 /* Pods-Chit-Chat.debug.xcconfig */,
				672F63EEDEA4BBA8B5780181 /* Pods-Chit-Chat.release.xcconfig */,
				84C57476F663E5784ADA9610 /* Pods-Chit-Chat-Chit-ChatUITests.debug.xcconfig */,
				9D949E2250857BF1D00464AA /* Pods-Chit-Chat-Chit-ChatUITests.release.xcconfig */,
				9C351DD0CF1672257806DC41 /* Pods-Chit-ChatTests.debug.xcconfig */,
				88A344DA1AD0B33E7DA61BFB /* Pods-Chit-ChatTests.release.xcconfig */,
			);
			path = Pods;
			sourceTree = "<group>";
		};
		CB19375F100305B8ABC80A34 /* Frameworks */ = {
			isa = PBXGroup;
			children = (
				FFA53E9545E7381D535EF4AF /* Pods_Chit_Chat.framework */,
				BBC31E93979BE04766A3846F /* Pods_Chit_Chat_Chit_ChatUITests.framework */,
				5A425F73A41B35F53C7F971F /* Pods_Chit_ChatTests.framework */,
			);
			name = Frameworks;
			sourceTree = "<group>";
		};
		DA0FDCF72802D65000FAB798 /* Services */ = {
			isa = PBXGroup;
			children = (
				DA0FDCF82802D79900FAB798 /* ServicesManager.swift */,
				DA3056CE28053396001E87DA /* SwiftyJSON.swift */,
				DA044E9D28057E0B00927062 /* ConversationService.swift */,
				22434824282B50A50027DE7A /* AgoraService.swift */,
			);
			path = Services;
			sourceTree = "<group>";
		};
		DA1EFD44280AA21000EB6BAD /* ViewModels */ = {
			isa = PBXGroup;
			children = (
				DA1EFD45280AA22600EB6BAD /* UtilitiesMessageChatViewModel.swift */,
			);
			path = ViewModels;
			sourceTree = "<group>";
		};
		DA2861842820CF5C003A0FCA /* GeneralSettings */ = {
			isa = PBXGroup;
			children = (
				DA2861852820CFBD003A0FCA /* GeneralSettings.swift */,
			);
			path = GeneralSettings;
			sourceTree = "<group>";
		};
		DA28940327C2728100011900 /* API */ = {
			isa = PBXGroup;
			children = (
				DA28940427C2734F00011900 /* ProvincesVN.swift */,
				22256D4D281904F900F2F001 /* ChannelToken.swift */,
			);
			path = API;
			sourceTree = "<group>";
		};
		DA3056CB280531F7001E87DA /* Services */ = {
			isa = PBXGroup;
			children = (
				22A905C0282374EF00E3DD19 /* CallModel */,
				DA3056CC2805321E001E87DA /* ServicesModel.swift */,
			);
			path = Services;
			sourceTree = "<group>";
		};
		DA6238AA2812969E00006F7D /* ViewPresentTransition */ = {
			isa = PBXGroup;
			children = (
				DA6238AB281296CA00006F7D /* PresentTransition.swift */,
				DA6238AD281296DC00006F7D /* DismissTransition.swift */,
				DAFFEC6F282B532900A99629 /* ViewAnimationExtension.swift */,
			);
			path = ViewPresentTransition;
			sourceTree = "<group>";
		};
		DA74E6672817A78E00D4AA30 /* Helpers */ = {
			isa = PBXGroup;
			children = (
				DA74E6682817A7CB00D4AA30 /* SearchMessageInConversationViewController.swift */,
			);
			path = Helpers;
			sourceTree = "<group>";
		};
		DAE31CF227B22B2B0035E65B /* TableCell */ = {
			isa = PBXGroup;
			children = (
				DA9AD85D27ACD96F00221E16 /* FriendsCell.swift */,
				DA8C20F727B258EE00C1F35F /* NewFriendsViewCell.swift */,
				DAE95C5027B6493700B19445 /* ChatsViewCell.swift */,
				DA0D67B527C0C7DF0016C4AC /* FriendRequestViewCell.swift */,
				DA37722E280A9E59003E8B88 /* UtilitiesMessageChatViewCell.swift */,
				DAD25F0C281936970078021F /* TextInConversationViewCell.swift */,
				DAFFEC78282B766600A99629 /* GroupChatsViewCell.swift */,
			);
			path = TableCell;
			sourceTree = "<group>";
		};
		DAEE3D5B27BC0A2D00334E06 /* Helpers */ = {
			isa = PBXGroup;
			children = (
				DAEE3D5C27BC0A6F00334E06 /* LocationPickerViewController.swift */,
				DAEE3D5E27BC0AC900334E06 /* PhotoViewerViewController.swift */,
			);
			path = Helpers;
			sourceTree = "<group>";
		};
		DAFFEC71282B5C5B00A99629 /* Groups */ = {
			isa = PBXGroup;
			children = (
				DAFFEC72282B5C9B00A99629 /* GroupConversationViewController.swift */,
				DAFFEC74282B5CBE00A99629 /* GroupChatViewController.swift */,
				DAFFEC76282B5CE500A99629 /* GroupUtilitiesChatViewController.swift */,
			);
			path = Groups;
			sourceTree = "<group>";
		};
/* End PBXGroup section */

/* Begin PBXNativeTarget section */
		22714E60277D5D4F0004F942 /* Chit-Chat */ = {
			isa = PBXNativeTarget;
			buildConfigurationList = 22714E8E277D5D510004F942 /* Build configuration list for PBXNativeTarget "Chit-Chat" */;
			buildPhases = (
				E10BBD226B06839635BB3D2C /* [CP] Check Pods Manifest.lock */,
				22714E5D277D5D4F0004F942 /* Sources */,
				22714E5E277D5D4F0004F942 /* Frameworks */,
				22714E5F277D5D4F0004F942 /* Resources */,
				FEA1274B59B10A875698F198 /* [CP] Embed Pods Frameworks */,
			);
			buildRules = (
			);
			dependencies = (
			);
			name = "Chit-Chat";
			packageProductDependencies = (
			);
			productName = "Chit-Chat";
			productReference = 22714E61277D5D4F0004F942 /* Chit-Chat.app */;
			productType = "com.apple.product-type.application";
		};
		22714E79277D5D510004F942 /* Chit-ChatTests */ = {
			isa = PBXNativeTarget;
			buildConfigurationList = 22714E91277D5D510004F942 /* Build configuration list for PBXNativeTarget "Chit-ChatTests" */;
			buildPhases = (
				C7B854DD7389D37C2A1C26BE /* [CP] Check Pods Manifest.lock */,
				22714E76277D5D510004F942 /* Sources */,
				22714E77277D5D510004F942 /* Frameworks */,
				22714E78277D5D510004F942 /* Resources */,
			);
			buildRules = (
			);
			dependencies = (
				22714E7C277D5D510004F942 /* PBXTargetDependency */,
			);
			name = "Chit-ChatTests";
			productName = "Chit-ChatTests";
			productReference = 22714E7A277D5D510004F942 /* Chit-ChatTests.xctest */;
			productType = "com.apple.product-type.bundle.unit-test";
		};
		22714E83277D5D510004F942 /* Chit-ChatUITests */ = {
			isa = PBXNativeTarget;
			buildConfigurationList = 22714E94277D5D510004F942 /* Build configuration list for PBXNativeTarget "Chit-ChatUITests" */;
			buildPhases = (
				094F081895D26167C06F27E2 /* [CP] Check Pods Manifest.lock */,
				22714E80277D5D510004F942 /* Sources */,
				22714E81277D5D510004F942 /* Frameworks */,
				22714E82277D5D510004F942 /* Resources */,
				724565A8A8934A733813B2FE /* [CP] Embed Pods Frameworks */,
			);
			buildRules = (
			);
			dependencies = (
				22714E86277D5D510004F942 /* PBXTargetDependency */,
			);
			name = "Chit-ChatUITests";
			productName = "Chit-ChatUITests";
			productReference = 22714E84277D5D510004F942 /* Chit-ChatUITests.xctest */;
			productType = "com.apple.product-type.bundle.ui-testing";
		};
/* End PBXNativeTarget section */

/* Begin PBXProject section */
		22714E59277D5D4F0004F942 /* Project object */ = {
			isa = PBXProject;
			attributes = {
				BuildIndependentTargetsInParallel = 1;
				LastSwiftUpdateCheck = 1320;
				LastUpgradeCheck = 1320;
				TargetAttributes = {
					22714E60277D5D4F0004F942 = {
						CreatedOnToolsVersion = 13.2.1;
					};
					22714E79277D5D510004F942 = {
						CreatedOnToolsVersion = 13.2.1;
						TestTargetID = 22714E60277D5D4F0004F942;
					};
					22714E83277D5D510004F942 = {
						CreatedOnToolsVersion = 13.2.1;
						TestTargetID = 22714E60277D5D4F0004F942;
					};
				};
			};
			buildConfigurationList = 22714E5C277D5D4F0004F942 /* Build configuration list for PBXProject "Chit-Chat" */;
			compatibilityVersion = "Xcode 13.0";
			developmentRegion = en;
			hasScannedForEncodings = 0;
			knownRegions = (
				en,
				Base,
			);
			mainGroup = 22714E58277D5D4F0004F942;
			packageReferences = (
			);
			productRefGroup = 22714E62277D5D4F0004F942 /* Products */;
			projectDirPath = "";
			projectRoot = "";
			targets = (
				22714E60277D5D4F0004F942 /* Chit-Chat */,
				22714E79277D5D510004F942 /* Chit-ChatTests */,
				22714E83277D5D510004F942 /* Chit-ChatUITests */,
			);
		};
/* End PBXProject section */

/* Begin PBXResourcesBuildPhase section */
		22714E5F277D5D4F0004F942 /* Resources */ = {
			isa = PBXResourcesBuildPhase;
			buildActionMask = 2147483647;
			files = (
				22714E74277D5D510004F942 /* LaunchScreen.storyboard in Resources */,
				22CCFE4A279FF5EE009F7C8A /* Friends.storyboard in Resources */,
				22CCFE4C279FF5F5009F7C8A /* Me.storyboard in Resources */,
				22714E71277D5D510004F942 /* Assets.xcassets in Resources */,
				22CCFE48279FF5DB009F7C8A /* Chat.storyboard in Resources */,
				22714E6C277D5D4F0004F942 /* Main.storyboard in Resources */,
				22639882282EBB890052B354 /* IncomingCall.storyboard in Resources */,
				22A4571C28143CD0009CB4E6 /* VoiceCall.storyboard in Resources */,
				22A4571A281408D0009CB4E6 /* VideoCall.storyboard in Resources */,
				22F1998F27A0E14100CAE0D5 /* GoogleService-Info.plist in Resources */,
			);
			runOnlyForDeploymentPostprocessing = 0;
		};
		22714E78277D5D510004F942 /* Resources */ = {
			isa = PBXResourcesBuildPhase;
			buildActionMask = 2147483647;
			files = (
			);
			runOnlyForDeploymentPostprocessing = 0;
		};
		22714E82277D5D510004F942 /* Resources */ = {
			isa = PBXResourcesBuildPhase;
			buildActionMask = 2147483647;
			files = (
			);
			runOnlyForDeploymentPostprocessing = 0;
		};
/* End PBXResourcesBuildPhase section */

/* Begin PBXShellScriptBuildPhase section */
		094F081895D26167C06F27E2 /* [CP] Check Pods Manifest.lock */ = {
			isa = PBXShellScriptBuildPhase;
			buildActionMask = 2147483647;
			files = (
			);
			inputFileListPaths = (
			);
			inputPaths = (
				"${PODS_PODFILE_DIR_PATH}/Podfile.lock",
				"${PODS_ROOT}/Manifest.lock",
			);
			name = "[CP] Check Pods Manifest.lock";
			outputFileListPaths = (
			);
			outputPaths = (
				"$(DERIVED_FILE_DIR)/Pods-Chit-Chat-Chit-ChatUITests-checkManifestLockResult.txt",
			);
			runOnlyForDeploymentPostprocessing = 0;
			shellPath = /bin/sh;
			shellScript = "diff \"${PODS_PODFILE_DIR_PATH}/Podfile.lock\" \"${PODS_ROOT}/Manifest.lock\" > /dev/null\nif [ $? != 0 ] ; then\n    # print error to STDERR\n    echo \"error: The sandbox is not in sync with the Podfile.lock. Run 'pod install' or update your CocoaPods installation.\" >&2\n    exit 1\nfi\n# This output is used by Xcode 'outputs' to avoid re-running this script phase.\necho \"SUCCESS\" > \"${SCRIPT_OUTPUT_FILE_0}\"\n";
			showEnvVarsInLog = 0;
		};
		724565A8A8934A733813B2FE /* [CP] Embed Pods Frameworks */ = {
			isa = PBXShellScriptBuildPhase;
			buildActionMask = 2147483647;
			files = (
			);
			inputFileListPaths = (
				"${PODS_ROOT}/Target Support Files/Pods-Chit-Chat-Chit-ChatUITests/Pods-Chit-Chat-Chit-ChatUITests-frameworks-${CONFIGURATION}-input-files.xcfilelist",
			);
			name = "[CP] Embed Pods Frameworks";
			outputFileListPaths = (
				"${PODS_ROOT}/Target Support Files/Pods-Chit-Chat-Chit-ChatUITests/Pods-Chit-Chat-Chit-ChatUITests-frameworks-${CONFIGURATION}-output-files.xcfilelist",
			);
			runOnlyForDeploymentPostprocessing = 0;
			shellPath = /bin/sh;
			shellScript = "\"${PODS_ROOT}/Target Support Files/Pods-Chit-Chat-Chit-ChatUITests/Pods-Chit-Chat-Chit-ChatUITests-frameworks.sh\"\n";
			showEnvVarsInLog = 0;
		};
		C7B854DD7389D37C2A1C26BE /* [CP] Check Pods Manifest.lock */ = {
			isa = PBXShellScriptBuildPhase;
			buildActionMask = 2147483647;
			files = (
			);
			inputFileListPaths = (
			);
			inputPaths = (
				"${PODS_PODFILE_DIR_PATH}/Podfile.lock",
				"${PODS_ROOT}/Manifest.lock",
			);
			name = "[CP] Check Pods Manifest.lock";
			outputFileListPaths = (
			);
			outputPaths = (
				"$(DERIVED_FILE_DIR)/Pods-Chit-ChatTests-checkManifestLockResult.txt",
			);
			runOnlyForDeploymentPostprocessing = 0;
			shellPath = /bin/sh;
			shellScript = "diff \"${PODS_PODFILE_DIR_PATH}/Podfile.lock\" \"${PODS_ROOT}/Manifest.lock\" > /dev/null\nif [ $? != 0 ] ; then\n    # print error to STDERR\n    echo \"error: The sandbox is not in sync with the Podfile.lock. Run 'pod install' or update your CocoaPods installation.\" >&2\n    exit 1\nfi\n# This output is used by Xcode 'outputs' to avoid re-running this script phase.\necho \"SUCCESS\" > \"${SCRIPT_OUTPUT_FILE_0}\"\n";
			showEnvVarsInLog = 0;
		};
		E10BBD226B06839635BB3D2C /* [CP] Check Pods Manifest.lock */ = {
			isa = PBXShellScriptBuildPhase;
			buildActionMask = 2147483647;
			files = (
			);
			inputFileListPaths = (
			);
			inputPaths = (
				"${PODS_PODFILE_DIR_PATH}/Podfile.lock",
				"${PODS_ROOT}/Manifest.lock",
			);
			name = "[CP] Check Pods Manifest.lock";
			outputFileListPaths = (
			);
			outputPaths = (
				"$(DERIVED_FILE_DIR)/Pods-Chit-Chat-checkManifestLockResult.txt",
			);
			runOnlyForDeploymentPostprocessing = 0;
			shellPath = /bin/sh;
			shellScript = "diff \"${PODS_PODFILE_DIR_PATH}/Podfile.lock\" \"${PODS_ROOT}/Manifest.lock\" > /dev/null\nif [ $? != 0 ] ; then\n    # print error to STDERR\n    echo \"error: The sandbox is not in sync with the Podfile.lock. Run 'pod install' or update your CocoaPods installation.\" >&2\n    exit 1\nfi\n# This output is used by Xcode 'outputs' to avoid re-running this script phase.\necho \"SUCCESS\" > \"${SCRIPT_OUTPUT_FILE_0}\"\n";
			showEnvVarsInLog = 0;
		};
		FEA1274B59B10A875698F198 /* [CP] Embed Pods Frameworks */ = {
			isa = PBXShellScriptBuildPhase;
			buildActionMask = 2147483647;
			files = (
			);
			inputFileListPaths = (
				"${PODS_ROOT}/Target Support Files/Pods-Chit-Chat/Pods-Chit-Chat-frameworks-${CONFIGURATION}-input-files.xcfilelist",
			);
			name = "[CP] Embed Pods Frameworks";
			outputFileListPaths = (
				"${PODS_ROOT}/Target Support Files/Pods-Chit-Chat/Pods-Chit-Chat-frameworks-${CONFIGURATION}-output-files.xcfilelist",
			);
			runOnlyForDeploymentPostprocessing = 0;
			shellPath = /bin/sh;
			shellScript = "\"${PODS_ROOT}/Target Support Files/Pods-Chit-Chat/Pods-Chit-Chat-frameworks.sh\"\n";
			showEnvVarsInLog = 0;
		};
/* End PBXShellScriptBuildPhase section */

/* Begin PBXSourcesBuildPhase section */
		22714E5D277D5D4F0004F942 /* Sources */ = {
			isa = PBXSourcesBuildPhase;
			buildActionMask = 2147483647;
			files = (
				222411E327B2129100C5E416 /* GithubConstants.swift in Sources */,
				22639884282F874E0052B354 /* IncomingCallViewController.swift in Sources */,
				DAFFEC7B282B78A200A99629 /* GroupModel.swift in Sources */,
				222411E927BF991400C5E416 /* Appearance.swift in Sources */,
				DAFFEC79282B766600A99629 /* GroupChatsViewCell.swift in Sources */,
				DA25C3C727B252190004FE2B /* FindNewFriendsViewController.swift in Sources */,
				222411E727B7AB6900C5E416 /* ExternalFunctions.swift in Sources */,
				DA0D67B427C0C7C20016C4AC /* FriendRequestViewController.swift in Sources */,
				222411EC27C1EA8900C5E416 /* PersonalInformationViewController.swift in Sources */,
				22A905BF282374C300E3DD19 /* AgoraRtm.swift in Sources */,
				DAE31CF027B227980035E65B /* FriendsViewController.swift in Sources */,
				22F1999627A0E67A00CAE0D5 /* LoginViewController.swift in Sources */,
				DA6238AC281296CA00006F7D /* PresentTransition.swift in Sources */,
				DA1EFD46280AA22600EB6BAD /* UtilitiesMessageChatViewModel.swift in Sources */,
				DA718D5127A0F6F20020B0C9 /* Messages.swift in Sources */,
				22CCFE40279FF573009F7C8A /* Extensions.swift in Sources */,
				22434828282D50F80027DE7A /* CallNotificationCenter.swift in Sources */,
				DAE95C5127B6493700B19445 /* ChatsViewCell.swift in Sources */,
				DA3056CD2805321E001E87DA /* ServicesModel.swift in Sources */,
				22714E69277D5D4F0004F942 /* ChatViewController.swift in Sources */,
				22A456FC28140699009CB4E6 /* LocalVideoView.swift in Sources */,
				DA74E6692817A7CB00D4AA30 /* SearchMessageInConversationViewController.swift in Sources */,
				22434825282B50A50027DE7A /* AgoraService.swift in Sources */,
				DAFFEC70282B532900A99629 /* ViewAnimationExtension.swift in Sources */,
				22434825282B50A50027DE7A /* AgoraService.swift in Sources */,
				22714E6F277D5D4F0004F942 /* Chit_Chat.xcdatamodeld in Sources */,
				DAE31CF127B22AD40035E65B /* FriendsCell.swift in Sources */,
				DA8C20F827B258EE00C1F35F /* NewFriendsViewCell.swift in Sources */,
				22256D4E281904F900F2F001 /* ChannelToken.swift in Sources */,
				DA80D789282EC69900D7B99B /* GroupConversationDBManager.swift in Sources */,
				DA0FDCF92802D79900FAB798 /* ServicesManager.swift in Sources */,
				DAEE3D5D27BC0A6F00334E06 /* LocationPickerViewController.swift in Sources */,
				DA8C20F627B258A400C1F35F /* FriendsModel.swift in Sources */,
				222411F327C3359500C5E416 /* ChangePasswordViewController.swift in Sources */,
				22A4570B281406D4009CB4E6 /* JoinChannel.swift in Sources */,
				22434823282AA2D50027DE7A /* SelectCallViewController.swift in Sources */,
				DA28940527C2734F00011900 /* ProvincesVN.swift in Sources */,
				DA3056CF28053396001E87DA /* SwiftyJSON.swift in Sources */,
				DAFFEC75282B5CBE00A99629 /* GroupChatViewController.swift in Sources */,
				DAD25F0D281936970078021F /* TextInConversationViewCell.swift in Sources */,
				22CCFE42279FF582009F7C8A /* StorageManager.swift in Sources */,
				DAFFEC77282B5CE500A99629 /* GroupUtilitiesChatViewController.swift in Sources */,
				DA6238AE281296DC00006F7D /* DismissTransition.swift in Sources */,
				22CCFE46279FF59C009F7C8A /* User.swift in Sources */,
				DA718D4F27A0F6E70020B0C9 /* UserNetwork.swift in Sources */,
				DA20B66F27E9D63E00F869E6 /* FriendsOfUserDBManager.swift in Sources */,
				22714E65277D5D4F0004F942 /* AppDelegate.swift in Sources */,
				229D21D927EC1AA600537AD6 /* UserAdvancedManager.swift in Sources */,
				225E476127D9E1B000F71938 /* OtherUserViewController.swift in Sources */,
				DAEE3D5F27BC0AC900334E06 /* PhotoViewerViewController.swift in Sources */,
				22A4570C281406D4009CB4E6 /* ProgressIndicator.swift in Sources */,
				DA2861862820CFBD003A0FCA /* GeneralSettings.swift in Sources */,
				DA85AF6F27BA5B430005215B /* MeViewController.swift in Sources */,
				22A456E32813FEED009CB4E6 /* extensionUIView.swift in Sources */,
				DAFFEC73282B5C9B00A99629 /* GroupConversationViewController.swift in Sources */,
				22A905C42823756200E3DD19 /* CallCenter.swift in Sources */,
				22ACD98527FEE102004DD7AC /* BlackListViewController.swift in Sources */,
				22714E67277D5D4F0004F942 /* SceneDelegate.swift in Sources */,
				22A4570F281406D4009CB4E6 /* VoiceCallViewController.swift in Sources */,
				DA044E9E28057E0B00927062 /* ConversationService.swift in Sources */,
				22DFEB4C27AC101100ABAD9E /* RegisterViewController.swift in Sources */,
				222411F827C7345E00C5E416 /* ForgotPasswordViewController.swift in Sources */,
				DA20B66B27E9D5CA00F869E6 /* UserDBManger.swift in Sources */,
				DA0D67B627C0C7DF0016C4AC /* FriendRequestViewCell.swift in Sources */,
				DA37722F280A9E59003E8B88 /* UtilitiesMessageChatViewCell.swift in Sources */,
				22A905C2282374FD00E3DD19 /* AGEError.swift in Sources */,
				22A905C82823828C00E3DD19 /* HungUpReason.swift in Sources */,
				DA718D4D27A0F6CA0020B0C9 /* Conversation.swift in Sources */,
				222411F027C1EAA500C5E416 /* DarkModeViewController.swift in Sources */,
				22A4570E281406D4009CB4E6 /* VideoCallViewController.swift in Sources */,
				22CCFE44279FF58C009F7C8A /* DatabaseManager.swift in Sources */,
				22A456FF2814069D009CB4E6 /* RemoteVideoView.swift in Sources */,
				DAD0BD7A280A7AA7003974BF /* UtilitiesMessageChatViewController.swift in Sources */,
				22A45703281406A9009CB4E6 /* SetupVideo.swift in Sources */,
				22353CF328119CF2002CC6FC /* GroupDBManager.swift in Sources */,
				DA85AF6D27BA585D0005215B /* MessageChatViewController.swift in Sources */,
				22A456E52813FEF4009CB4E6 /* extensionVideoChatViewController.swift in Sources */,
				DA20B66D27E9D5EA00F869E6 /* ConversationsDBManager.swift in Sources */,
			);
			runOnlyForDeploymentPostprocessing = 0;
		};
		22714E76277D5D510004F942 /* Sources */ = {
			isa = PBXSourcesBuildPhase;
			buildActionMask = 2147483647;
			files = (
				22714E7F277D5D510004F942 /* Chit_ChatTests.swift in Sources */,
				DA3B4AD627B3B25C0093E2B3 /* Friends_Test.swift in Sources */,
				DA718D5327A127670020B0C9 /* Model_Test.swift in Sources */,
			);
			runOnlyForDeploymentPostprocessing = 0;
		};
		22714E80277D5D510004F942 /* Sources */ = {
			isa = PBXSourcesBuildPhase;
			buildActionMask = 2147483647;
			files = (
				22714E8B277D5D510004F942 /* Chit_ChatUITestsLaunchTests.swift in Sources */,
				22714E89277D5D510004F942 /* Chit_ChatUITests.swift in Sources */,
			);
			runOnlyForDeploymentPostprocessing = 0;
		};
/* End PBXSourcesBuildPhase section */

/* Begin PBXTargetDependency section */
		22714E7C277D5D510004F942 /* PBXTargetDependency */ = {
			isa = PBXTargetDependency;
			target = 22714E60277D5D4F0004F942 /* Chit-Chat */;
			targetProxy = 22714E7B277D5D510004F942 /* PBXContainerItemProxy */;
		};
		22714E86277D5D510004F942 /* PBXTargetDependency */ = {
			isa = PBXTargetDependency;
			target = 22714E60277D5D4F0004F942 /* Chit-Chat */;
			targetProxy = 22714E85277D5D510004F942 /* PBXContainerItemProxy */;
		};
/* End PBXTargetDependency section */

/* Begin PBXVariantGroup section */
		22714E6A277D5D4F0004F942 /* Main.storyboard */ = {
			isa = PBXVariantGroup;
			children = (
				22714E6B277D5D4F0004F942 /* Base */,
			);
			name = Main.storyboard;
			sourceTree = "<group>";
		};
		22714E72277D5D510004F942 /* LaunchScreen.storyboard */ = {
			isa = PBXVariantGroup;
			children = (
				22714E73277D5D510004F942 /* Base */,
			);
			name = LaunchScreen.storyboard;
			sourceTree = "<group>";
		};
/* End PBXVariantGroup section */

/* Begin XCBuildConfiguration section */
		22714E8C277D5D510004F942 /* Debug */ = {
			isa = XCBuildConfiguration;
			buildSettings = {
				ALWAYS_SEARCH_USER_PATHS = NO;
				CLANG_ANALYZER_NONNULL = YES;
				CLANG_ANALYZER_NUMBER_OBJECT_CONVERSION = YES_AGGRESSIVE;
				CLANG_CXX_LANGUAGE_STANDARD = "gnu++17";
				CLANG_CXX_LIBRARY = "libc++";
				CLANG_ENABLE_MODULES = YES;
				CLANG_ENABLE_OBJC_ARC = YES;
				CLANG_ENABLE_OBJC_WEAK = YES;
				CLANG_WARN_BLOCK_CAPTURE_AUTORELEASING = YES;
				CLANG_WARN_BOOL_CONVERSION = YES;
				CLANG_WARN_COMMA = YES;
				CLANG_WARN_CONSTANT_CONVERSION = YES;
				CLANG_WARN_DEPRECATED_OBJC_IMPLEMENTATIONS = YES;
				CLANG_WARN_DIRECT_OBJC_ISA_USAGE = YES_ERROR;
				CLANG_WARN_DOCUMENTATION_COMMENTS = YES;
				CLANG_WARN_EMPTY_BODY = YES;
				CLANG_WARN_ENUM_CONVERSION = YES;
				CLANG_WARN_INFINITE_RECURSION = YES;
				CLANG_WARN_INT_CONVERSION = YES;
				CLANG_WARN_NON_LITERAL_NULL_CONVERSION = YES;
				CLANG_WARN_OBJC_IMPLICIT_RETAIN_SELF = YES;
				CLANG_WARN_OBJC_LITERAL_CONVERSION = YES;
				CLANG_WARN_OBJC_ROOT_CLASS = YES_ERROR;
				CLANG_WARN_QUOTED_INCLUDE_IN_FRAMEWORK_HEADER = YES;
				CLANG_WARN_RANGE_LOOP_ANALYSIS = YES;
				CLANG_WARN_STRICT_PROTOTYPES = YES;
				CLANG_WARN_SUSPICIOUS_MOVE = YES;
				CLANG_WARN_UNGUARDED_AVAILABILITY = YES_AGGRESSIVE;
				CLANG_WARN_UNREACHABLE_CODE = YES;
				CLANG_WARN__DUPLICATE_METHOD_MATCH = YES;
				COPY_PHASE_STRIP = NO;
				DEBUG_INFORMATION_FORMAT = dwarf;
				ENABLE_STRICT_OBJC_MSGSEND = YES;
				ENABLE_TESTABILITY = YES;
				GCC_C_LANGUAGE_STANDARD = gnu11;
				GCC_DYNAMIC_NO_PIC = NO;
				GCC_NO_COMMON_BLOCKS = YES;
				GCC_OPTIMIZATION_LEVEL = 0;
				GCC_PREPROCESSOR_DEFINITIONS = (
					"DEBUG=1",
					"$(inherited)",
				);
				GCC_WARN_64_TO_32_BIT_CONVERSION = YES;
				GCC_WARN_ABOUT_RETURN_TYPE = YES_ERROR;
				GCC_WARN_UNDECLARED_SELECTOR = YES;
				GCC_WARN_UNINITIALIZED_AUTOS = YES_AGGRESSIVE;
				GCC_WARN_UNUSED_FUNCTION = YES;
				GCC_WARN_UNUSED_VARIABLE = YES;
				IPHONEOS_DEPLOYMENT_TARGET = 15.4;
				MTL_ENABLE_DEBUG_INFO = INCLUDE_SOURCE;
				MTL_FAST_MATH = YES;
				ONLY_ACTIVE_ARCH = YES;
				SDKROOT = iphoneos;
				SWIFT_ACTIVE_COMPILATION_CONDITIONS = DEBUG;
				SWIFT_OPTIMIZATION_LEVEL = "-Onone";
			};
			name = Debug;
		};
		22714E8D277D5D510004F942 /* Release */ = {
			isa = XCBuildConfiguration;
			buildSettings = {
				ALWAYS_SEARCH_USER_PATHS = NO;
				CLANG_ANALYZER_NONNULL = YES;
				CLANG_ANALYZER_NUMBER_OBJECT_CONVERSION = YES_AGGRESSIVE;
				CLANG_CXX_LANGUAGE_STANDARD = "gnu++17";
				CLANG_CXX_LIBRARY = "libc++";
				CLANG_ENABLE_MODULES = YES;
				CLANG_ENABLE_OBJC_ARC = YES;
				CLANG_ENABLE_OBJC_WEAK = YES;
				CLANG_WARN_BLOCK_CAPTURE_AUTORELEASING = YES;
				CLANG_WARN_BOOL_CONVERSION = YES;
				CLANG_WARN_COMMA = YES;
				CLANG_WARN_CONSTANT_CONVERSION = YES;
				CLANG_WARN_DEPRECATED_OBJC_IMPLEMENTATIONS = YES;
				CLANG_WARN_DIRECT_OBJC_ISA_USAGE = YES_ERROR;
				CLANG_WARN_DOCUMENTATION_COMMENTS = YES;
				CLANG_WARN_EMPTY_BODY = YES;
				CLANG_WARN_ENUM_CONVERSION = YES;
				CLANG_WARN_INFINITE_RECURSION = YES;
				CLANG_WARN_INT_CONVERSION = YES;
				CLANG_WARN_NON_LITERAL_NULL_CONVERSION = YES;
				CLANG_WARN_OBJC_IMPLICIT_RETAIN_SELF = YES;
				CLANG_WARN_OBJC_LITERAL_CONVERSION = YES;
				CLANG_WARN_OBJC_ROOT_CLASS = YES_ERROR;
				CLANG_WARN_QUOTED_INCLUDE_IN_FRAMEWORK_HEADER = YES;
				CLANG_WARN_RANGE_LOOP_ANALYSIS = YES;
				CLANG_WARN_STRICT_PROTOTYPES = YES;
				CLANG_WARN_SUSPICIOUS_MOVE = YES;
				CLANG_WARN_UNGUARDED_AVAILABILITY = YES_AGGRESSIVE;
				CLANG_WARN_UNREACHABLE_CODE = YES;
				CLANG_WARN__DUPLICATE_METHOD_MATCH = YES;
				COPY_PHASE_STRIP = NO;
				DEBUG_INFORMATION_FORMAT = "dwarf-with-dsym";
				ENABLE_NS_ASSERTIONS = NO;
				ENABLE_STRICT_OBJC_MSGSEND = YES;
				GCC_C_LANGUAGE_STANDARD = gnu11;
				GCC_NO_COMMON_BLOCKS = YES;
				GCC_WARN_64_TO_32_BIT_CONVERSION = YES;
				GCC_WARN_ABOUT_RETURN_TYPE = YES_ERROR;
				GCC_WARN_UNDECLARED_SELECTOR = YES;
				GCC_WARN_UNINITIALIZED_AUTOS = YES_AGGRESSIVE;
				GCC_WARN_UNUSED_FUNCTION = YES;
				GCC_WARN_UNUSED_VARIABLE = YES;
				IPHONEOS_DEPLOYMENT_TARGET = 15.4;
				MTL_ENABLE_DEBUG_INFO = NO;
				MTL_FAST_MATH = YES;
				SDKROOT = iphoneos;
				SWIFT_COMPILATION_MODE = wholemodule;
				SWIFT_OPTIMIZATION_LEVEL = "-O";
				VALIDATE_PRODUCT = YES;
			};
			name = Release;
		};
		22714E8F277D5D510004F942 /* Debug */ = {
			isa = XCBuildConfiguration;
			baseConfigurationReference = C56AF88553BD6B57C26D5537 /* Pods-Chit-Chat.debug.xcconfig */;
			buildSettings = {
				ASSETCATALOG_COMPILER_APPICON_NAME = AppIcon;
				ASSETCATALOG_COMPILER_GLOBAL_ACCENT_COLOR_NAME = AccentColor;
				CODE_SIGN_ENTITLEMENTS = "Chit-Chat/Chit-Chat.entitlements";
				CODE_SIGN_IDENTITY = "Apple Development";
				CODE_SIGN_STYLE = Automatic;
				CURRENT_PROJECT_VERSION = 1;
				DEVELOPMENT_TEAM = 8YHCBYDS83;
				GENERATE_INFOPLIST_FILE = YES;
				INFOPLIST_FILE = "Chit-Chat/Info.plist";
				INFOPLIST_KEY_NSCameraUsageDescription = "Please allow to take a profile picture";
				INFOPLIST_KEY_NSPhotoLibraryAddUsageDescription = "Please allow access to select a profile picture";
				INFOPLIST_KEY_UIApplicationSupportsIndirectInputEvents = YES;
				INFOPLIST_KEY_UILaunchStoryboardName = LaunchScreen;
				INFOPLIST_KEY_UIMainStoryboardFile = Main;
				INFOPLIST_KEY_UISupportedInterfaceOrientations_iPad = "UIInterfaceOrientationPortrait UIInterfaceOrientationPortraitUpsideDown UIInterfaceOrientationLandscapeLeft UIInterfaceOrientationLandscapeRight";
				INFOPLIST_KEY_UISupportedInterfaceOrientations_iPhone = "UIInterfaceOrientationPortrait UIInterfaceOrientationLandscapeLeft UIInterfaceOrientationLandscapeRight";
				IPHONEOS_DEPLOYMENT_TARGET = 15.0;
				LD_RUNPATH_SEARCH_PATHS = (
					"$(inherited)",
					"@executable_path/Frameworks",
				);
				MARKETING_VERSION = 1.0;
				"OTHER_LDFLAGS[sdk=iphonesimulator*]" = (
					"-Xlinker",
					"-interposable",
				);
				PRODUCT_BUNDLE_IDENTIFIER = "com.khoile.Chit-Chat";
				PRODUCT_NAME = "$(TARGET_NAME)";
				PROVISIONING_PROFILE_SPECIFIER = "";
				SWIFT_EMIT_LOC_STRINGS = YES;
				SWIFT_VERSION = 5.0;
				TARGETED_DEVICE_FAMILY = "1,2";
			};
			name = Debug;
		};
		22714E90277D5D510004F942 /* Release */ = {
			isa = XCBuildConfiguration;
			baseConfigurationReference = 672F63EEDEA4BBA8B5780181 /* Pods-Chit-Chat.release.xcconfig */;
			buildSettings = {
				ASSETCATALOG_COMPILER_APPICON_NAME = AppIcon;
				ASSETCATALOG_COMPILER_GLOBAL_ACCENT_COLOR_NAME = AccentColor;
				CODE_SIGN_ENTITLEMENTS = "Chit-Chat/Chit-Chat.entitlements";
				CODE_SIGN_IDENTITY = "Apple Development";
				CODE_SIGN_STYLE = Automatic;
				CURRENT_PROJECT_VERSION = 1;
				DEVELOPMENT_TEAM = 8YHCBYDS83;
				GENERATE_INFOPLIST_FILE = YES;
				INFOPLIST_FILE = "Chit-Chat/Info.plist";
				INFOPLIST_KEY_NSCameraUsageDescription = "Please allow to take a profile picture";
				INFOPLIST_KEY_NSPhotoLibraryAddUsageDescription = "Please allow access to select a profile picture";
				INFOPLIST_KEY_UIApplicationSupportsIndirectInputEvents = YES;
				INFOPLIST_KEY_UILaunchStoryboardName = LaunchScreen;
				INFOPLIST_KEY_UIMainStoryboardFile = Main;
				INFOPLIST_KEY_UISupportedInterfaceOrientations_iPad = "UIInterfaceOrientationPortrait UIInterfaceOrientationPortraitUpsideDown UIInterfaceOrientationLandscapeLeft UIInterfaceOrientationLandscapeRight";
				INFOPLIST_KEY_UISupportedInterfaceOrientations_iPhone = "UIInterfaceOrientationPortrait UIInterfaceOrientationLandscapeLeft UIInterfaceOrientationLandscapeRight";
				IPHONEOS_DEPLOYMENT_TARGET = 15.0;
				LD_RUNPATH_SEARCH_PATHS = (
					"$(inherited)",
					"@executable_path/Frameworks",
				);
				MARKETING_VERSION = 1.0;
				PRODUCT_BUNDLE_IDENTIFIER = "com.khoile.Chit-Chat";
				PRODUCT_NAME = "$(TARGET_NAME)";
				PROVISIONING_PROFILE_SPECIFIER = "";
				SWIFT_EMIT_LOC_STRINGS = YES;
				SWIFT_VERSION = 5.0;
				TARGETED_DEVICE_FAMILY = "1,2";
			};
			name = Release;
		};
		22714E92277D5D510004F942 /* Debug */ = {
			isa = XCBuildConfiguration;
			baseConfigurationReference = 9C351DD0CF1672257806DC41 /* Pods-Chit-ChatTests.debug.xcconfig */;
			buildSettings = {
				ALWAYS_EMBED_SWIFT_STANDARD_LIBRARIES = YES;
				BUNDLE_LOADER = "$(TEST_HOST)";
				CODE_SIGN_STYLE = Automatic;
				CURRENT_PROJECT_VERSION = 1;
				DEVELOPMENT_TEAM = 8YHCBYDS83;
				GENERATE_INFOPLIST_FILE = YES;
				IPHONEOS_DEPLOYMENT_TARGET = 15.2;
				MARKETING_VERSION = 1.0;
				PRODUCT_BUNDLE_IDENTIFIER = "com.khoile.Chit-ChatTests";
				PRODUCT_NAME = "$(TARGET_NAME)";
				SWIFT_EMIT_LOC_STRINGS = NO;
				SWIFT_VERSION = 5.0;
				TARGETED_DEVICE_FAMILY = "1,2";
				TEST_HOST = "$(BUILT_PRODUCTS_DIR)/Chit-Chat.app/Chit-Chat";
			};
			name = Debug;
		};
		22714E93277D5D510004F942 /* Release */ = {
			isa = XCBuildConfiguration;
			baseConfigurationReference = 88A344DA1AD0B33E7DA61BFB /* Pods-Chit-ChatTests.release.xcconfig */;
			buildSettings = {
				ALWAYS_EMBED_SWIFT_STANDARD_LIBRARIES = YES;
				BUNDLE_LOADER = "$(TEST_HOST)";
				CODE_SIGN_STYLE = Automatic;
				CURRENT_PROJECT_VERSION = 1;
				DEVELOPMENT_TEAM = 8YHCBYDS83;
				GENERATE_INFOPLIST_FILE = YES;
				IPHONEOS_DEPLOYMENT_TARGET = 15.2;
				MARKETING_VERSION = 1.0;
				PRODUCT_BUNDLE_IDENTIFIER = "com.khoile.Chit-ChatTests";
				PRODUCT_NAME = "$(TARGET_NAME)";
				SWIFT_EMIT_LOC_STRINGS = NO;
				SWIFT_VERSION = 5.0;
				TARGETED_DEVICE_FAMILY = "1,2";
				TEST_HOST = "$(BUILT_PRODUCTS_DIR)/Chit-Chat.app/Chit-Chat";
			};
			name = Release;
		};
		22714E95277D5D510004F942 /* Debug */ = {
			isa = XCBuildConfiguration;
			baseConfigurationReference = 84C57476F663E5784ADA9610 /* Pods-Chit-Chat-Chit-ChatUITests.debug.xcconfig */;
			buildSettings = {
				ALWAYS_EMBED_SWIFT_STANDARD_LIBRARIES = YES;
				CODE_SIGN_STYLE = Automatic;
				CURRENT_PROJECT_VERSION = 1;
				DEVELOPMENT_TEAM = 8YHCBYDS83;
				GENERATE_INFOPLIST_FILE = YES;
				MARKETING_VERSION = 1.0;
				PRODUCT_BUNDLE_IDENTIFIER = "com.khoile.Chit-ChatUITests";
				PRODUCT_NAME = "$(TARGET_NAME)";
				SWIFT_EMIT_LOC_STRINGS = NO;
				SWIFT_VERSION = 5.0;
				TARGETED_DEVICE_FAMILY = "1,2";
				TEST_TARGET_NAME = "Chit-Chat";
			};
			name = Debug;
		};
		22714E96277D5D510004F942 /* Release */ = {
			isa = XCBuildConfiguration;
			baseConfigurationReference = 9D949E2250857BF1D00464AA /* Pods-Chit-Chat-Chit-ChatUITests.release.xcconfig */;
			buildSettings = {
				ALWAYS_EMBED_SWIFT_STANDARD_LIBRARIES = YES;
				CODE_SIGN_STYLE = Automatic;
				CURRENT_PROJECT_VERSION = 1;
				DEVELOPMENT_TEAM = 8YHCBYDS83;
				GENERATE_INFOPLIST_FILE = YES;
				MARKETING_VERSION = 1.0;
				PRODUCT_BUNDLE_IDENTIFIER = "com.khoile.Chit-ChatUITests";
				PRODUCT_NAME = "$(TARGET_NAME)";
				SWIFT_EMIT_LOC_STRINGS = NO;
				SWIFT_VERSION = 5.0;
				TARGETED_DEVICE_FAMILY = "1,2";
				TEST_TARGET_NAME = "Chit-Chat";
			};
			name = Release;
		};
/* End XCBuildConfiguration section */

/* Begin XCConfigurationList section */
		22714E5C277D5D4F0004F942 /* Build configuration list for PBXProject "Chit-Chat" */ = {
			isa = XCConfigurationList;
			buildConfigurations = (
				22714E8C277D5D510004F942 /* Debug */,
				22714E8D277D5D510004F942 /* Release */,
			);
			defaultConfigurationIsVisible = 0;
			defaultConfigurationName = Release;
		};
		22714E8E277D5D510004F942 /* Build configuration list for PBXNativeTarget "Chit-Chat" */ = {
			isa = XCConfigurationList;
			buildConfigurations = (
				22714E8F277D5D510004F942 /* Debug */,
				22714E90277D5D510004F942 /* Release */,
			);
			defaultConfigurationIsVisible = 0;
			defaultConfigurationName = Release;
		};
		22714E91277D5D510004F942 /* Build configuration list for PBXNativeTarget "Chit-ChatTests" */ = {
			isa = XCConfigurationList;
			buildConfigurations = (
				22714E92277D5D510004F942 /* Debug */,
				22714E93277D5D510004F942 /* Release */,
			);
			defaultConfigurationIsVisible = 0;
			defaultConfigurationName = Release;
		};
		22714E94277D5D510004F942 /* Build configuration list for PBXNativeTarget "Chit-ChatUITests" */ = {
			isa = XCConfigurationList;
			buildConfigurations = (
				22714E95277D5D510004F942 /* Debug */,
				22714E96277D5D510004F942 /* Release */,
			);
			defaultConfigurationIsVisible = 0;
			defaultConfigurationName = Release;
		};
/* End XCConfigurationList section */

/* Begin XCVersionGroup section */
		22714E6D277D5D4F0004F942 /* Chit_Chat.xcdatamodeld */ = {
			isa = XCVersionGroup;
			children = (
				22714E6E277D5D4F0004F942 /* Chit_Chat.xcdatamodel */,
			);
			currentVersion = 22714E6E277D5D4F0004F942 /* Chit_Chat.xcdatamodel */;
			path = Chit_Chat.xcdatamodeld;
			sourceTree = "<group>";
			versionGroupType = wrapper.xcdatamodel;
		};
/* End XCVersionGroup section */
	};
	rootObject = 22714E59277D5D4F0004F942 /* Project object */;
}
